// !$*UTF8*$!
{
	archiveVersion = 1;
	classes = {
	};
	objectVersion = 77;
	objects = {

/* Begin PBXBuildFile section */
		D63E7C2A2CCB64D50092D225 /* FeatureViewController.swift in Sources */ = {isa = PBXBuildFile; fileRef = D63E7C162CCB64D50092D225 /* FeatureViewController.swift */; };
		D63E7C2B2CCB64D50092D225 /* FooterViewController.swift in Sources */ = {isa = PBXBuildFile; fileRef = D63E7C172CCB64D50092D225 /* FooterViewController.swift */; };
		D63E7C2C2CCB64D50092D225 /* HeaderViewController.swift in Sources */ = {isa = PBXBuildFile; fileRef = D63E7C182CCB64D50092D225 /* HeaderViewController.swift */; };
		D63E7C2D2CCB64D50092D225 /* InfoViewController.swift in Sources */ = {isa = PBXBuildFile; fileRef = D63E7C192CCB64D50092D225 /* InfoViewController.swift */; };
		D63E7C2E2CCB64D50092D225 /* PreviewViewController.swift in Sources */ = {isa = PBXBuildFile; fileRef = D63E7C1A2CCB64D50092D225 /* PreviewViewController.swift */; };
		D63E7C2F2CCB64D50092D225 /* RatingViewController.swift in Sources */ = {isa = PBXBuildFile; fileRef = D63E7C1B2CCB64D50092D225 /* RatingViewController.swift */; };
		D63E7C302CCB64D50092D225 /* ReviewViewController.swift in Sources */ = {isa = PBXBuildFile; fileRef = D63E7C1C2CCB64D50092D225 /* ReviewViewController.swift */; };
		D63E7C322CCB64D50092D225 /* UpdateInfoViewController.swift in Sources */ = {isa = PBXBuildFile; fileRef = D63E7C1E2CCB64D50092D225 /* UpdateInfoViewController.swift */; };
		D63E7C332CCB64D50092D225 /* AppDelegate.swift in Sources */ = {isa = PBXBuildFile; fileRef = D63E7C202CCB64D50092D225 /* AppDelegate.swift */; };
		D63E7C342CCB64D50092D225 /* SceneDelegate.swift in Sources */ = {isa = PBXBuildFile; fileRef = D63E7C272CCB64D50092D225 /* SceneDelegate.swift */; };
		D63E7C352CCB64D50092D225 /* ViewController.swift in Sources */ = {isa = PBXBuildFile; fileRef = D63E7C282CCB64D50092D225 /* ViewController.swift */; };
		D63E7C362CCB64D50092D225 /* Assets.xcassets in Resources */ = {isa = PBXBuildFile; fileRef = D63E7C212CCB64D50092D225 /* Assets.xcassets */; };
		D63E7C382CCB64D50092D225 /* LaunchScreen.storyboard in Resources */ = {isa = PBXBuildFile; fileRef = D63E7C242CCB64D50092D225 /* LaunchScreen.storyboard */; };
		D63E7C392CCB64D50092D225 /* Main.storyboard in Resources */ = {isa = PBXBuildFile; fileRef = D63E7C262CCB64D50092D225 /* Main.storyboard */; };
		D6F6185F2CC959DB001EE4EA /* SnapKit in Frameworks */ = {isa = PBXBuildFile; productRef = D6F6185E2CC959DB001EE4EA /* SnapKit */; };
/* End PBXBuildFile section */

/* Begin PBXContainerItemProxy section */
		D620236E2CC956FD002554FC /* PBXContainerItemProxy */ = {
			isa = PBXContainerItemProxy;
			containerPortal = D620234F2CC956FC002554FC /* Project object */;
			proxyType = 1;
			remoteGlobalIDString = D62023562CC956FC002554FC;
			remoteInfo = Sopt_Appstore;
		};
		D62023782CC956FD002554FC /* PBXContainerItemProxy */ = {
			isa = PBXContainerItemProxy;
			containerPortal = D620234F2CC956FC002554FC /* Project object */;
			proxyType = 1;
			remoteGlobalIDString = D62023562CC956FC002554FC;
			remoteInfo = Sopt_Appstore;
		};
/* End PBXContainerItemProxy section */

/* Begin PBXFileReference section */
		D62023572CC956FC002554FC /* Sopt_Appstore.app */ = {isa = PBXFileReference; explicitFileType = wrapper.application; includeInIndex = 0; path = Sopt_Appstore.app; sourceTree = BUILT_PRODUCTS_DIR; };
		D620236D2CC956FD002554FC /* Sopt_AppstoreTests.xctest */ = {isa = PBXFileReference; explicitFileType = wrapper.cfbundle; includeInIndex = 0; path = Sopt_AppstoreTests.xctest; sourceTree = BUILT_PRODUCTS_DIR; };
		D62023772CC956FD002554FC /* Sopt_AppstoreUITests.xctest */ = {isa = PBXFileReference; explicitFileType = wrapper.cfbundle; includeInIndex = 0; path = Sopt_AppstoreUITests.xctest; sourceTree = BUILT_PRODUCTS_DIR; };
		D63E7C162CCB64D50092D225 /* FeatureViewController.swift */ = {isa = PBXFileReference; lastKnownFileType = sourcecode.swift; path = FeatureViewController.swift; sourceTree = "<group>"; };
		D63E7C172CCB64D50092D225 /* FooterViewController.swift */ = {isa = PBXFileReference; lastKnownFileType = sourcecode.swift; path = FooterViewController.swift; sourceTree = "<group>"; };
		D63E7C182CCB64D50092D225 /* HeaderViewController.swift */ = {isa = PBXFileReference; lastKnownFileType = sourcecode.swift; path = HeaderViewController.swift; sourceTree = "<group>"; };
		D63E7C192CCB64D50092D225 /* InfoViewController.swift */ = {isa = PBXFileReference; lastKnownFileType = sourcecode.swift; path = InfoViewController.swift; sourceTree = "<group>"; };
		D63E7C1A2CCB64D50092D225 /* PreviewViewController.swift */ = {isa = PBXFileReference; lastKnownFileType = sourcecode.swift; path = PreviewViewController.swift; sourceTree = "<group>"; };
		D63E7C1B2CCB64D50092D225 /* RatingViewController.swift */ = {isa = PBXFileReference; lastKnownFileType = sourcecode.swift; path = RatingViewController.swift; sourceTree = "<group>"; };
		D63E7C1C2CCB64D50092D225 /* ReviewViewController.swift */ = {isa = PBXFileReference; lastKnownFileType = sourcecode.swift; path = ReviewViewController.swift; sourceTree = "<group>"; };
		D63E7C1E2CCB64D50092D225 /* UpdateInfoViewController.swift */ = {isa = PBXFileReference; lastKnownFileType = sourcecode.swift; path = UpdateInfoViewController.swift; sourceTree = "<group>"; };
		D63E7C202CCB64D50092D225 /* AppDelegate.swift */ = {isa = PBXFileReference; lastKnownFileType = sourcecode.swift; path = AppDelegate.swift; sourceTree = "<group>"; };
		D63E7C212CCB64D50092D225 /* Assets.xcassets */ = {isa = PBXFileReference; lastKnownFileType = folder.assetcatalog; path = Assets.xcassets; sourceTree = "<group>"; };
		D63E7C222CCB64D50092D225 /* Info.plist */ = {isa = PBXFileReference; lastKnownFileType = text.plist.xml; path = Info.plist; sourceTree = "<group>"; };
		D63E7C232CCB64D50092D225 /* Base */ = {isa = PBXFileReference; lastKnownFileType = file.storyboard; name = Base; path = Base.lproj/LaunchScreen.storyboard; sourceTree = "<group>"; };
		D63E7C252CCB64D50092D225 /* Base */ = {isa = PBXFileReference; lastKnownFileType = file.storyboard; name = Base; path = Base.lproj/Main.storyboard; sourceTree = "<group>"; };
		D63E7C272CCB64D50092D225 /* SceneDelegate.swift */ = {isa = PBXFileReference; lastKnownFileType = sourcecode.swift; path = SceneDelegate.swift; sourceTree = "<group>"; };
		D63E7C282CCB64D50092D225 /* ViewController.swift */ = {isa = PBXFileReference; lastKnownFileType = sourcecode.swift; path = ViewController.swift; sourceTree = "<group>"; };
/* End PBXFileReference section */

/* Begin PBXFileSystemSynchronizedRootGroup section */
		D62023702CC956FD002554FC /* Sopt_AppstoreTests */ = {
			isa = PBXFileSystemSynchronizedRootGroup;
			path = Sopt_AppstoreTests;
			sourceTree = "<group>";
		};
		D620237A2CC956FD002554FC /* Sopt_AppstoreUITests */ = {
			isa = PBXFileSystemSynchronizedRootGroup;
			path = Sopt_AppstoreUITests;
			sourceTree = "<group>";
		};
/* End PBXFileSystemSynchronizedRootGroup section */

/* Begin PBXFrameworksBuildPhase section */
		D62023542CC956FC002554FC /* Frameworks */ = {
			isa = PBXFrameworksBuildPhase;
			buildActionMask = 2147483647;
			files = (
				D6F6185F2CC959DB001EE4EA /* SnapKit in Frameworks */,
			);
			runOnlyForDeploymentPostprocessing = 0;
		};
		D620236A2CC956FD002554FC /* Frameworks */ = {
			isa = PBXFrameworksBuildPhase;
			buildActionMask = 2147483647;
			files = (
			);
			runOnlyForDeploymentPostprocessing = 0;
		};
		D62023742CC956FD002554FC /* Frameworks */ = {
			isa = PBXFrameworksBuildPhase;
			buildActionMask = 2147483647;
			files = (
			);
			runOnlyForDeploymentPostprocessing = 0;
		};
/* End PBXFrameworksBuildPhase section */

/* Begin PBXGroup section */
		D620234E2CC956FC002554FC = {
			isa = PBXGroup;
			children = (
				D63E7C292CCB64D50092D225 /* Sopt_Appstore */,
				D62023702CC956FD002554FC /* Sopt_AppstoreTests */,
				D620237A2CC956FD002554FC /* Sopt_AppstoreUITests */,
				D62023582CC956FC002554FC /* Products */,
			);
			sourceTree = "<group>";
		};
		D62023582CC956FC002554FC /* Products */ = {
			isa = PBXGroup;
			children = (
				D62023572CC956FC002554FC /* Sopt_Appstore.app */,
				D620236D2CC956FD002554FC /* Sopt_AppstoreTests.xctest */,
				D62023772CC956FD002554FC /* Sopt_AppstoreUITests.xctest */,
			);
			name = Products;
			sourceTree = "<group>";
		};
		D63E7C1F2CCB64D50092D225 /* AppStoreViewModules */ = {
			isa = PBXGroup;
			children = (
				D63E7C182CCB64D50092D225 /* HeaderViewController.swift */,
				D63E7C1B2CCB64D50092D225 /* RatingViewController.swift */,
				D63E7C192CCB64D50092D225 /* InfoViewController.swift */,
				D63E7C1A2CCB64D50092D225 /* PreviewViewController.swift */,
				D63E7C162CCB64D50092D225 /* FeatureViewController.swift */,
				D63E7C172CCB64D50092D225 /* FooterViewController.swift */,
				D63E7C1C2CCB64D50092D225 /* ReviewViewController.swift */,
				D63E7C1E2CCB64D50092D225 /* UpdateInfoViewController.swift */,
			);
			path = AppStoreViewModules;
			sourceTree = "<group>";
		};
		D63E7C292CCB64D50092D225 /* Sopt_Appstore */ = {
			isa = PBXGroup;
			children = (
				D63E7C1F2CCB64D50092D225 /* AppStoreViewModules */,
				D63E7C282CCB64D50092D225 /* ViewController.swift */,
				D63E7C212CCB64D50092D225 /* Assets.xcassets */,
				D63E7C222CCB64D50092D225 /* Info.plist */,
				D63E7C242CCB64D50092D225 /* LaunchScreen.storyboard */,
				D63E7C262CCB64D50092D225 /* Main.storyboard */,
				D63E7C202CCB64D50092D225 /* AppDelegate.swift */,
				D63E7C272CCB64D50092D225 /* SceneDelegate.swift */,
			);
			path = Sopt_Appstore;
			sourceTree = "<group>";
		};
/* End PBXGroup section */

/* Begin PBXNativeTarget section */
		D62023562CC956FC002554FC /* Sopt_Appstore */ = {
			isa = PBXNativeTarget;
			buildConfigurationList = D62023802CC956FD002554FC /* Build configuration list for PBXNativeTarget "Sopt_Appstore" */;
			buildPhases = (
				D62023532CC956FC002554FC /* Sources */,
				D62023542CC956FC002554FC /* Frameworks */,
				D62023552CC956FC002554FC /* Resources */,
			);
			buildRules = (
			);
			dependencies = (
			);
			name = Sopt_Appstore;
			packageProductDependencies = (
				D6F6185E2CC959DB001EE4EA /* SnapKit */,
			);
			productName = Sopt_Appstore;
			productReference = D62023572CC956FC002554FC /* Sopt_Appstore.app */;
			productType = "com.apple.product-type.application";
		};
		D620236C2CC956FD002554FC /* Sopt_AppstoreTests */ = {
			isa = PBXNativeTarget;
			buildConfigurationList = D62023852CC956FD002554FC /* Build configuration list for PBXNativeTarget "Sopt_AppstoreTests" */;
			buildPhases = (
				D62023692CC956FD002554FC /* Sources */,
				D620236A2CC956FD002554FC /* Frameworks */,
				D620236B2CC956FD002554FC /* Resources */,
			);
			buildRules = (
			);
			dependencies = (
				D620236F2CC956FD002554FC /* PBXTargetDependency */,
			);
			fileSystemSynchronizedGroups = (
				D62023702CC956FD002554FC /* Sopt_AppstoreTests */,
			);
			name = Sopt_AppstoreTests;
			packageProductDependencies = (
			);
			productName = Sopt_AppstoreTests;
			productReference = D620236D2CC956FD002554FC /* Sopt_AppstoreTests.xctest */;
			productType = "com.apple.product-type.bundle.unit-test";
		};
		D62023762CC956FD002554FC /* Sopt_AppstoreUITests */ = {
			isa = PBXNativeTarget;
			buildConfigurationList = D62023882CC956FD002554FC /* Build configuration list for PBXNativeTarget "Sopt_AppstoreUITests" */;
			buildPhases = (
				D62023732CC956FD002554FC /* Sources */,
				D62023742CC956FD002554FC /* Frameworks */,
				D62023752CC956FD002554FC /* Resources */,
			);
			buildRules = (
			);
			dependencies = (
				D62023792CC956FD002554FC /* PBXTargetDependency */,
			);
			fileSystemSynchronizedGroups = (
				D620237A2CC956FD002554FC /* Sopt_AppstoreUITests */,
			);
			name = Sopt_AppstoreUITests;
			packageProductDependencies = (
			);
			productName = Sopt_AppstoreUITests;
			productReference = D62023772CC956FD002554FC /* Sopt_AppstoreUITests.xctest */;
			productType = "com.apple.product-type.bundle.ui-testing";
		};
/* End PBXNativeTarget section */

/* Begin PBXProject section */
		D620234F2CC956FC002554FC /* Project object */ = {
			isa = PBXProject;
			attributes = {
				BuildIndependentTargetsInParallel = 1;
				LastSwiftUpdateCheck = 1600;
				LastUpgradeCheck = 1600;
				TargetAttributes = {
					D62023562CC956FC002554FC = {
						CreatedOnToolsVersion = 16.0;
					};
					D620236C2CC956FD002554FC = {
						CreatedOnToolsVersion = 16.0;
						TestTargetID = D62023562CC956FC002554FC;
					};
					D62023762CC956FD002554FC = {
						CreatedOnToolsVersion = 16.0;
						TestTargetID = D62023562CC956FC002554FC;
					};
				};
			};
			buildConfigurationList = D62023522CC956FC002554FC /* Build configuration list for PBXProject "Sopt_Appstore" */;
			developmentRegion = en;
			hasScannedForEncodings = 0;
			knownRegions = (
				en,
				Base,
			);
			mainGroup = D620234E2CC956FC002554FC;
			minimizedProjectReferenceProxies = 1;
			packageReferences = (
				D6F6185D2CC959DB001EE4EA /* XCRemoteSwiftPackageReference "SnapKit" */,
			);
			preferredProjectObjectVersion = 77;
			productRefGroup = D62023582CC956FC002554FC /* Products */;
			projectDirPath = "";
			projectRoot = "";
			targets = (
				D62023562CC956FC002554FC /* Sopt_Appstore */,
				D620236C2CC956FD002554FC /* Sopt_AppstoreTests */,
				D62023762CC956FD002554FC /* Sopt_AppstoreUITests */,
			);
		};
/* End PBXProject section */

/* Begin PBXResourcesBuildPhase section */
		D62023552CC956FC002554FC /* Resources */ = {
			isa = PBXResourcesBuildPhase;
			buildActionMask = 2147483647;
			files = (
				D63E7C362CCB64D50092D225 /* Assets.xcassets in Resources */,
				D63E7C382CCB64D50092D225 /* LaunchScreen.storyboard in Resources */,
				D63E7C392CCB64D50092D225 /* Main.storyboard in Resources */,
			);
			runOnlyForDeploymentPostprocessing = 0;
		};
		D620236B2CC956FD002554FC /* Resources */ = {
			isa = PBXResourcesBuildPhase;
			buildActionMask = 2147483647;
			files = (
			);
			runOnlyForDeploymentPostprocessing = 0;
		};
		D62023752CC956FD002554FC /* Resources */ = {
			isa = PBXResourcesBuildPhase;
			buildActionMask = 2147483647;
			files = (
			);
			runOnlyForDeploymentPostprocessing = 0;
		};
/* End PBXResourcesBuildPhase section */

/* Begin PBXSourcesBuildPhase section */
		D62023532CC956FC002554FC /* Sources */ = {
			isa = PBXSourcesBuildPhase;
			buildActionMask = 2147483647;
			files = (
				D63E7C2A2CCB64D50092D225 /* FeatureViewController.swift in Sources */,
				D63E7C2B2CCB64D50092D225 /* FooterViewController.swift in Sources */,
				D63E7C2C2CCB64D50092D225 /* HeaderViewController.swift in Sources */,
				D63E7C2D2CCB64D50092D225 /* InfoViewController.swift in Sources */,
				D63E7C2E2CCB64D50092D225 /* PreviewViewController.swift in Sources */,
				D63E7C2F2CCB64D50092D225 /* RatingViewController.swift in Sources */,
				D63E7C302CCB64D50092D225 /* ReviewViewController.swift in Sources */,
				D63E7C322CCB64D50092D225 /* UpdateInfoViewController.swift in Sources */,
				D63E7C332CCB64D50092D225 /* AppDelegate.swift in Sources */,
				D63E7C342CCB64D50092D225 /* SceneDelegate.swift in Sources */,
				D63E7C352CCB64D50092D225 /* ViewController.swift in Sources */,
			);
			runOnlyForDeploymentPostprocessing = 0;
		};
		D62023692CC956FD002554FC /* Sources */ = {
			isa = PBXSourcesBuildPhase;
			buildActionMask = 2147483647;
			files = (
			);
			runOnlyForDeploymentPostprocessing = 0;
		};
		D62023732CC956FD002554FC /* Sources */ = {
			isa = PBXSourcesBuildPhase;
			buildActionMask = 2147483647;
			files = (
			);
			runOnlyForDeploymentPostprocessing = 0;
		};
/* End PBXSourcesBuildPhase section */

/* Begin PBXTargetDependency section */
		D620236F2CC956FD002554FC /* PBXTargetDependency */ = {
			isa = PBXTargetDependency;
			target = D62023562CC956FC002554FC /* Sopt_Appstore */;
			targetProxy = D620236E2CC956FD002554FC /* PBXContainerItemProxy */;
		};
		D62023792CC956FD002554FC /* PBXTargetDependency */ = {
			isa = PBXTargetDependency;
			target = D62023562CC956FC002554FC /* Sopt_Appstore */;
			targetProxy = D62023782CC956FD002554FC /* PBXContainerItemProxy */;
		};
/* End PBXTargetDependency section */

/* Begin PBXVariantGroup section */
		D63E7C242CCB64D50092D225 /* LaunchScreen.storyboard */ = {
			isa = PBXVariantGroup;
			children = (
				D63E7C232CCB64D50092D225 /* Base */,
			);
			name = LaunchScreen.storyboard;
			sourceTree = "<group>";
		};
		D63E7C262CCB64D50092D225 /* Main.storyboard */ = {
			isa = PBXVariantGroup;
			children = (
				D63E7C252CCB64D50092D225 /* Base */,
			);
			name = Main.storyboard;
			sourceTree = "<group>";
		};
/* End PBXVariantGroup section */

/* Begin XCBuildConfiguration section */
		D62023812CC956FD002554FC /* Debug */ = {
			isa = XCBuildConfiguration;
			buildSettings = {
				ASSETCATALOG_COMPILER_APPICON_NAME = AppIcon;
				ASSETCATALOG_COMPILER_GLOBAL_ACCENT_COLOR_NAME = AccentColor;
				CODE_SIGN_STYLE = Automatic;
				CURRENT_PROJECT_VERSION = 1;
				DEVELOPMENT_TEAM = 5UQJWXQTJD;
				GENERATE_INFOPLIST_FILE = YES;
				INFOPLIST_FILE = Sopt_Appstore/Info.plist;
				INFOPLIST_KEY_UIApplicationSupportsIndirectInputEvents = YES;
				INFOPLIST_KEY_UILaunchStoryboardName = LaunchScreen;
				INFOPLIST_KEY_UIMainStoryboardFile = Main;
				INFOPLIST_KEY_UISupportedInterfaceOrientations_iPad = "UIInterfaceOrientationPortrait UIInterfaceOrientationPortraitUpsideDown UIInterfaceOrientationLandscapeLeft UIInterfaceOrientationLandscapeRight";
				INFOPLIST_KEY_UISupportedInterfaceOrientations_iPhone = "UIInterfaceOrientationPortrait UIInterfaceOrientationLandscapeLeft UIInterfaceOrientationLandscapeRight";
				LD_RUNPATH_SEARCH_PATHS = (
					"$(inherited)",
					"@executable_path/Frameworks",
				);
				MARKETING_VERSION = 1.0;
				PRODUCT_BUNDLE_IDENTIFIER = "sopt.Sopt-Appstore";
				PRODUCT_NAME = "$(TARGET_NAME)";
				SWIFT_EMIT_LOC_STRINGS = YES;
				SWIFT_VERSION = 5.0;
				TARGETED_DEVICE_FAMILY = "1,2";
			};
			name = Debug;
		};
		D62023822CC956FD002554FC /* Release */ = {
			isa = XCBuildConfiguration;
			buildSettings = {
				ASSETCATALOG_COMPILER_APPICON_NAME = AppIcon;
				ASSETCATALOG_COMPILER_GLOBAL_ACCENT_COLOR_NAME = AccentColor;
				CODE_SIGN_STYLE = Automatic;
				CURRENT_PROJECT_VERSION = 1;
				DEVELOPMENT_TEAM = 5UQJWXQTJD;
				GENERATE_INFOPLIST_FILE = YES;
				INFOPLIST_FILE = Sopt_Appstore/Info.plist;
				INFOPLIST_KEY_UIApplicationSupportsIndirectInputEvents = YES;
				INFOPLIST_KEY_UILaunchStoryboardName = LaunchScreen;
				INFOPLIST_KEY_UIMainStoryboardFile = Main;
				INFOPLIST_KEY_UISupportedInterfaceOrientations_iPad = "UIInterfaceOrientationPortrait UIInterfaceOrientationPortraitUpsideDown UIInterfaceOrientationLandscapeLeft UIInterfaceOrientationLandscapeRight";
				INFOPLIST_KEY_UISupportedInterfaceOrientations_iPhone = "UIInterfaceOrientationPortrait UIInterfaceOrientationLandscapeLeft UIInterfaceOrientationLandscapeRight";
				LD_RUNPATH_SEARCH_PATHS = (
					"$(inherited)",
					"@executable_path/Frameworks",
				);
				MARKETING_VERSION = 1.0;
				PRODUCT_BUNDLE_IDENTIFIER = "sopt.Sopt-Appstore";
				PRODUCT_NAME = "$(TARGET_NAME)";
				SWIFT_EMIT_LOC_STRINGS = YES;
				SWIFT_VERSION = 5.0;
				TARGETED_DEVICE_FAMILY = "1,2";
			};
			name = Release;
		};
		D62023832CC956FD002554FC /* Debug */ = {
			isa = XCBuildConfiguration;
			buildSettings = {
				ALWAYS_SEARCH_USER_PATHS = NO;
				ASSETCATALOG_COMPILER_GENERATE_SWIFT_ASSET_SYMBOL_EXTENSIONS = YES;
				CLANG_ANALYZER_NONNULL = YES;
				CLANG_ANALYZER_NUMBER_OBJECT_CONVERSION = YES_AGGRESSIVE;
				CLANG_CXX_LANGUAGE_STANDARD = "gnu++20";
				CLANG_ENABLE_MODULES = YES;
				CLANG_ENABLE_OBJC_ARC = YES;
				CLANG_ENABLE_OBJC_WEAK = YES;
				CLANG_WARN_BLOCK_CAPTURE_AUTORELEASING = YES;
				CLANG_WARN_BOOL_CONVERSION = YES;
				CLANG_WARN_COMMA = YES;
				CLANG_WARN_CONSTANT_CONVERSION = YES;
				CLANG_WARN_DEPRECATED_OBJC_IMPLEMENTATIONS = YES;
				CLANG_WARN_DIRECT_OBJC_ISA_USAGE = YES_ERROR;
				CLANG_WARN_DOCUMENTATION_COMMENTS = YES;
				CLANG_WARN_EMPTY_BODY = YES;
				CLANG_WARN_ENUM_CONVERSION = YES;
				CLANG_WARN_INFINITE_RECURSION = YES;
				CLANG_WARN_INT_CONVERSION = YES;
				CLANG_WARN_NON_LITERAL_NULL_CONVERSION = YES;
				CLANG_WARN_OBJC_IMPLICIT_RETAIN_SELF = YES;
				CLANG_WARN_OBJC_LITERAL_CONVERSION = YES;
				CLANG_WARN_OBJC_ROOT_CLASS = YES_ERROR;
				CLANG_WARN_QUOTED_INCLUDE_IN_FRAMEWORK_HEADER = YES;
				CLANG_WARN_RANGE_LOOP_ANALYSIS = YES;
				CLANG_WARN_STRICT_PROTOTYPES = YES;
				CLANG_WARN_SUSPICIOUS_MOVE = YES;
				CLANG_WARN_UNGUARDED_AVAILABILITY = YES_AGGRESSIVE;
				CLANG_WARN_UNREACHABLE_CODE = YES;
				CLANG_WARN__DUPLICATE_METHOD_MATCH = YES;
				COPY_PHASE_STRIP = NO;
				DEBUG_INFORMATION_FORMAT = dwarf;
				ENABLE_STRICT_OBJC_MSGSEND = YES;
				ENABLE_TESTABILITY = YES;
				ENABLE_USER_SCRIPT_SANDBOXING = YES;
				GCC_C_LANGUAGE_STANDARD = gnu17;
				GCC_DYNAMIC_NO_PIC = NO;
				GCC_NO_COMMON_BLOCKS = YES;
				GCC_OPTIMIZATION_LEVEL = 0;
				GCC_PREPROCESSOR_DEFINITIONS = (
					"DEBUG=1",
					"$(inherited)",
				);
				GCC_WARN_64_TO_32_BIT_CONVERSION = YES;
				GCC_WARN_ABOUT_RETURN_TYPE = YES_ERROR;
				GCC_WARN_UNDECLARED_SELECTOR = YES;
				GCC_WARN_UNINITIALIZED_AUTOS = YES_AGGRESSIVE;
				GCC_WARN_UNUSED_FUNCTION = YES;
				GCC_WARN_UNUSED_VARIABLE = YES;
				IPHONEOS_DEPLOYMENT_TARGET = 18.0;
				LOCALIZATION_PREFERS_STRING_CATALOGS = YES;
				MTL_ENABLE_DEBUG_INFO = INCLUDE_SOURCE;
				MTL_FAST_MATH = YES;
				ONLY_ACTIVE_ARCH = YES;
				SDKROOT = iphoneos;
				SWIFT_ACTIVE_COMPILATION_CONDITIONS = "DEBUG $(inherited)";
				SWIFT_OPTIMIZATION_LEVEL = "-Onone";
			};
			name = Debug;
		};
		D62023842CC956FD002554FC /* Release */ = {
			isa = XCBuildConfiguration;
			buildSettings = {
				ALWAYS_SEARCH_USER_PATHS = NO;
				ASSETCATALOG_COMPILER_GENERATE_SWIFT_ASSET_SYMBOL_EXTENSIONS = YES;
				CLANG_ANALYZER_NONNULL = YES;
				CLANG_ANALYZER_NUMBER_OBJECT_CONVERSION = YES_AGGRESSIVE;
				CLANG_CXX_LANGUAGE_STANDARD = "gnu++20";
				CLANG_ENABLE_MODULES = YES;
				CLANG_ENABLE_OBJC_ARC = YES;
				CLANG_ENABLE_OBJC_WEAK = YES;
				CLANG_WARN_BLOCK_CAPTURE_AUTORELEASING = YES;
				CLANG_WARN_BOOL_CONVERSION = YES;
				CLANG_WARN_COMMA = YES;
				CLANG_WARN_CONSTANT_CONVERSION = YES;
				CLANG_WARN_DEPRECATED_OBJC_IMPLEMENTATIONS = YES;
				CLANG_WARN_DIRECT_OBJC_ISA_USAGE = YES_ERROR;
				CLANG_WARN_DOCUMENTATION_COMMENTS = YES;
				CLANG_WARN_EMPTY_BODY = YES;
				CLANG_WARN_ENUM_CONVERSION = YES;
				CLANG_WARN_INFINITE_RECURSION = YES;
				CLANG_WARN_INT_CONVERSION = YES;
				CLANG_WARN_NON_LITERAL_NULL_CONVERSION = YES;
				CLANG_WARN_OBJC_IMPLICIT_RETAIN_SELF = YES;
				CLANG_WARN_OBJC_LITERAL_CONVERSION = YES;
				CLANG_WARN_OBJC_ROOT_CLASS = YES_ERROR;
				CLANG_WARN_QUOTED_INCLUDE_IN_FRAMEWORK_HEADER = YES;
				CLANG_WARN_RANGE_LOOP_ANALYSIS = YES;
				CLANG_WARN_STRICT_PROTOTYPES = YES;
				CLANG_WARN_SUSPICIOUS_MOVE = YES;
				CLANG_WARN_UNGUARDED_AVAILABILITY = YES_AGGRESSIVE;
				CLANG_WARN_UNREACHABLE_CODE = YES;
				CLANG_WARN__DUPLICATE_METHOD_MATCH = YES;
				COPY_PHASE_STRIP = NO;
				DEBUG_INFORMATION_FORMAT = "dwarf-with-dsym";
				ENABLE_NS_ASSERTIONS = NO;
				ENABLE_STRICT_OBJC_MSGSEND = YES;
				ENABLE_USER_SCRIPT_SANDBOXING = YES;
				GCC_C_LANGUAGE_STANDARD = gnu17;
				GCC_NO_COMMON_BLOCKS = YES;
				GCC_WARN_64_TO_32_BIT_CONVERSION = YES;
				GCC_WARN_ABOUT_RETURN_TYPE = YES_ERROR;
				GCC_WARN_UNDECLARED_SELECTOR = YES;
				GCC_WARN_UNINITIALIZED_AUTOS = YES_AGGRESSIVE;
				GCC_WARN_UNUSED_FUNCTION = YES;
				GCC_WARN_UNUSED_VARIABLE = YES;
				IPHONEOS_DEPLOYMENT_TARGET = 18.0;
				LOCALIZATION_PREFERS_STRING_CATALOGS = YES;
				MTL_ENABLE_DEBUG_INFO = NO;
				MTL_FAST_MATH = YES;
				SDKROOT = iphoneos;
				SWIFT_COMPILATION_MODE = wholemodule;
				VALIDATE_PRODUCT = YES;
			};
			name = Release;
		};
		D62023862CC956FD002554FC /* Debug */ = {
			isa = XCBuildConfiguration;
			buildSettings = {
				BUNDLE_LOADER = "$(TEST_HOST)";
				CODE_SIGN_STYLE = Automatic;
				CURRENT_PROJECT_VERSION = 1;
				DEVELOPMENT_TEAM = 5UQJWXQTJD;
				GENERATE_INFOPLIST_FILE = YES;
				IPHONEOS_DEPLOYMENT_TARGET = 18.0;
				MARKETING_VERSION = 1.0;
				PRODUCT_BUNDLE_IDENTIFIER = "sopt.Sopt-AppstoreTests";
				PRODUCT_NAME = "$(TARGET_NAME)";
				SWIFT_EMIT_LOC_STRINGS = NO;
				SWIFT_VERSION = 5.0;
				TARGETED_DEVICE_FAMILY = "1,2";
				TEST_HOST = "$(BUILT_PRODUCTS_DIR)/Sopt_Appstore.app/$(BUNDLE_EXECUTABLE_FOLDER_PATH)/Sopt_Appstore";
			};
			name = Debug;
		};
		D62023872CC956FD002554FC /* Release */ = {
			isa = XCBuildConfiguration;
			buildSettings = {
				BUNDLE_LOADER = "$(TEST_HOST)";
				CODE_SIGN_STYLE = Automatic;
				CURRENT_PROJECT_VERSION = 1;
				DEVELOPMENT_TEAM = 5UQJWXQTJD;
				GENERATE_INFOPLIST_FILE = YES;
				IPHONEOS_DEPLOYMENT_TARGET = 18.0;
				MARKETING_VERSION = 1.0;
				PRODUCT_BUNDLE_IDENTIFIER = "sopt.Sopt-AppstoreTests";
				PRODUCT_NAME = "$(TARGET_NAME)";
				SWIFT_EMIT_LOC_STRINGS = NO;
				SWIFT_VERSION = 5.0;
				TARGETED_DEVICE_FAMILY = "1,2";
				TEST_HOST = "$(BUILT_PRODUCTS_DIR)/Sopt_Appstore.app/$(BUNDLE_EXECUTABLE_FOLDER_PATH)/Sopt_Appstore";
			};
			name = Release;
		};
		D62023892CC956FD002554FC /* Debug */ = {
			isa = XCBuildConfiguration;
			buildSettings = {
				CODE_SIGN_STYLE = Automatic;
				CURRENT_PROJECT_VERSION = 1;
				DEVELOPMENT_TEAM = 5UQJWXQTJD;
				GENERATE_INFOPLIST_FILE = YES;
				MARKETING_VERSION = 1.0;
				PRODUCT_BUNDLE_IDENTIFIER = "sopt.Sopt-AppstoreUITests";
				PRODUCT_NAME = "$(TARGET_NAME)";
				SWIFT_EMIT_LOC_STRINGS = NO;
				SWIFT_VERSION = 5.0;
				TARGETED_DEVICE_FAMILY = "1,2";
				TEST_TARGET_NAME = Sopt_Appstore;
			};
			name = Debug;
		};
		D620238A2CC956FD002554FC /* Release */ = {
			isa = XCBuildConfiguration;
			buildSettings = {
				CODE_SIGN_STYLE = Automatic;
				CURRENT_PROJECT_VERSION = 1;
				DEVELOPMENT_TEAM = 5UQJWXQTJD;
				GENERATE_INFOPLIST_FILE = YES;
				MARKETING_VERSION = 1.0;
				PRODUCT_BUNDLE_IDENTIFIER = "sopt.Sopt-AppstoreUITests";
				PRODUCT_NAME = "$(TARGET_NAME)";
				SWIFT_EMIT_LOC_STRINGS = NO;
				SWIFT_VERSION = 5.0;
				TARGETED_DEVICE_FAMILY = "1,2";
				TEST_TARGET_NAME = Sopt_Appstore;
			};
			name = Release;
		};
/* End XCBuildConfiguration section */

/* Begin XCConfigurationList section */
		D62023522CC956FC002554FC /* Build configuration list for PBXProject "Sopt_Appstore" */ = {
			isa = XCConfigurationList;
			buildConfigurations = (
				D62023832CC956FD002554FC /* Debug */,
				D62023842CC956FD002554FC /* Release */,
			);
			defaultConfigurationIsVisible = 0;
			defaultConfigurationName = Release;
		};
		D62023802CC956FD002554FC /* Build configuration list for PBXNativeTarget "Sopt_Appstore" */ = {
			isa = XCConfigurationList;
			buildConfigurations = (
				D62023812CC956FD002554FC /* Debug */,
				D62023822CC956FD002554FC /* Release */,
			);
			defaultConfigurationIsVisible = 0;
			defaultConfigurationName = Release;
		};
		D62023852CC956FD002554FC /* Build configuration list for PBXNativeTarget "Sopt_AppstoreTests" */ = {
			isa = XCConfigurationList;
			buildConfigurations = (
				D62023862CC956FD002554FC /* Debug */,
				D62023872CC956FD002554FC /* Release */,
			);
			defaultConfigurationIsVisible = 0;
			defaultConfigurationName = Release;
		};
		D62023882CC956FD002554FC /* Build configuration list for PBXNativeTarget "Sopt_AppstoreUITests" */ = {
			isa = XCConfigurationList;
			buildConfigurations = (
				D62023892CC956FD002554FC /* Debug */,
				D620238A2CC956FD002554FC /* Release */,
			);
			defaultConfigurationIsVisible = 0;
			defaultConfigurationName = Release;
		};
/* End XCConfigurationList section */

/* Begin XCRemoteSwiftPackageReference section */
		D6F6185D2CC959DB001EE4EA /* XCRemoteSwiftPackageReference "SnapKit" */ = {
			isa = XCRemoteSwiftPackageReference;
			repositoryURL = "https://github.com/SnapKit/SnapKit.git";
			requirement = {
				kind = upToNextMajorVersion;
				minimumVersion = 5.7.1;
			};
		};
/* End XCRemoteSwiftPackageReference section */

/* Begin XCSwiftPackageProductDependency section */
		D6F6185E2CC959DB001EE4EA /* SnapKit */ = {
			isa = XCSwiftPackageProductDependency;
			package = D6F6185D2CC959DB001EE4EA /* XCRemoteSwiftPackageReference "SnapKit" */;
			productName = SnapKit;
		};
/* End XCSwiftPackageProductDependency section */
	};
	rootObject = D620234F2CC956FC002554FC /* Project object */;
}
