// !$*UTF8*$!
{
	archiveVersion = 1;
	classes = {
	};
	objectVersion = 77;
	objects = {

/* Begin PBXBuildFile section */
		D60A8A2E2CFEFE5600E48F24 /* FinanceView.swift in Sources */ = {isa = PBXBuildFile; fileRef = D60A8A2D2CFEFE5600E48F24 /* FinanceView.swift */; };
		D60A8A302CFF007F00E48F24 /* AppSectionBoxView.swift in Sources */ = {isa = PBXBuildFile; fileRef = D60A8A2F2CFF007F00E48F24 /* AppSectionBoxView.swift */; };
		D60A8A322CFF01FB00E48F24 /* HeadScrollViewRowData.swift in Sources */ = {isa = PBXBuildFile; fileRef = D60A8A312CFF01FB00E48F24 /* HeadScrollViewRowData.swift */; };
		D60A8A342CFF021600E48F24 /* HeadTabviewViewViewModel.swift in Sources */ = {isa = PBXBuildFile; fileRef = D60A8A332CFF021600E48F24 /* HeadTabviewViewViewModel.swift */; };
		D60A8A362CFF0DD000E48F24 /* HeadTabViewRow.swift in Sources */ = {isa = PBXBuildFile; fileRef = D60A8A352CFF0DD000E48F24 /* HeadTabViewRow.swift */; };
		D60A8A392CFF106000E48F24 /* HeadTabView.swift in Sources */ = {isa = PBXBuildFile; fileRef = D60A8A382CFF106000E48F24 /* HeadTabView.swift */; };
		D621CD782CDDFEEA00B3A420 /* Environment.swift in Sources */ = {isa = PBXBuildFile; fileRef = D621CD772CDDFEEA00B3A420 /* Environment.swift */; };
		D621CD7A2CDDFF1100B3A420 /* ErrorEnum.swift in Sources */ = {isa = PBXBuildFile; fileRef = D621CD792CDDFF1100B3A420 /* ErrorEnum.swift */; };
		D621CD7E2CDE008400B3A420 /* DTO.swift in Sources */ = {isa = PBXBuildFile; fileRef = D621CD7D2CDE008400B3A420 /* DTO.swift */; };
		D621CD812CDE077000B3A420 /* KeychainSwift in Frameworks */ = {isa = PBXBuildFile; productRef = D621CD802CDE077000B3A420 /* KeychainSwift */; };
		D621CD832CDE07A400B3A420 /* LoginViewController.swift in Sources */ = {isa = PBXBuildFile; fileRef = D621CD822CDE07A400B3A420 /* LoginViewController.swift */; };
		D621CD932CDE0F7A00B3A420 /* UserService.swift in Sources */ = {isa = PBXBuildFile; fileRef = D621CD922CDE0F7A00B3A420 /* UserService.swift */; };
		D621CD992CDE292200B3A420 /* RegisterViewController.swift in Sources */ = {isa = PBXBuildFile; fileRef = D621CD982CDE292200B3A420 /* RegisterViewController.swift */; };
		D621CD9B2CDE2A9900B3A420 /* QueryViewController.swift in Sources */ = {isa = PBXBuildFile; fileRef = D621CD9A2CDE2A9900B3A420 /* QueryViewController.swift */; };
		D621CD9D2CDE3D7700B3A420 /* Configs.xcconfig in Resources */ = {isa = PBXBuildFile; fileRef = D621CD9C2CDE3D7700B3A420 /* Configs.xcconfig */; };
		D63390F92CF756ED001164C8 /* MainView.swift in Sources */ = {isa = PBXBuildFile; fileRef = D63390F82CF756ED001164C8 /* MainView.swift */; };
		D63390FD2CF75797001164C8 /* Applist.swift in Sources */ = {isa = PBXBuildFile; fileRef = D63390FC2CF75797001164C8 /* Applist.swift */; };
		D636D2352CD247E900C8C1E2 /* HeadScrollViewRow.swift in Sources */ = {isa = PBXBuildFile; fileRef = D636D2342CD247E900C8C1E2 /* HeadScrollViewRow.swift */; };
		D636D2382CD24E9900C8C1E2 /* ComponentExtension.swift in Sources */ = {isa = PBXBuildFile; fileRef = D636D2372CD24E9900C8C1E2 /* ComponentExtension.swift */; };
		D636D23C2CD260A300C8C1E2 /* ApptitleView.swift in Sources */ = {isa = PBXBuildFile; fileRef = D636D23B2CD260A300C8C1E2 /* ApptitleView.swift */; };
		D636D23F2CD28F7700C8C1E2 /* Then in Frameworks */ = {isa = PBXBuildFile; productRef = D636D23E2CD28F7700C8C1E2 /* Then */; };
		D636D2422CD291A700C8C1E2 /* AppDataSet.swift in Sources */ = {isa = PBXBuildFile; fileRef = D636D2412CD291A700C8C1E2 /* AppDataSet.swift */; };
		D636D2442CD291DF00C8C1E2 /* AppRowView.swift in Sources */ = {isa = PBXBuildFile; fileRef = D636D2432CD291DF00C8C1E2 /* AppRowView.swift */; };
		D636D2462CD2926800C8C1E2 /* ChartViewController.swift in Sources */ = {isa = PBXBuildFile; fileRef = D636D2452CD2926800C8C1E2 /* ChartViewController.swift */; };
		D636D2492CD2ABCA00C8C1E2 /* AppHorizontalScrollView.swift in Sources */ = {isa = PBXBuildFile; fileRef = D636D2482CD2ABCA00C8C1E2 /* AppHorizontalScrollView.swift */; };
		D636D24B2CD315FE00C8C1E2 /* CollectionViewRow.swift in Sources */ = {isa = PBXBuildFile; fileRef = D636D24A2CD315FE00C8C1E2 /* CollectionViewRow.swift */; };
		D636D24D2CD3265F00C8C1E2 /* HeadScrollView.swift in Sources */ = {isa = PBXBuildFile; fileRef = D636D24C2CD3265F00C8C1E2 /* HeadScrollView.swift */; };
		D636D2502CD32D8300C8C1E2 /* PreviewScroll View.swift in Sources */ = {isa = PBXBuildFile; fileRef = D636D24F2CD32D8300C8C1E2 /* PreviewScroll View.swift */; };
		D636D2532CD33A2E00C8C1E2 /* ReviewMidScrollView.swift in Sources */ = {isa = PBXBuildFile; fileRef = D636D2522CD33A2E00C8C1E2 /* ReviewMidScrollView.swift */; };
		D636D2552CD33A4600C8C1E2 /* ReviewMidViewController.swift in Sources */ = {isa = PBXBuildFile; fileRef = D636D2542CD33A4600C8C1E2 /* ReviewMidViewController.swift */; };
		D63E7C2A2CCB64D50092D225 /* ReviewTopViewController.swift in Sources */ = {isa = PBXBuildFile; fileRef = D63E7C162CCB64D50092D225 /* ReviewTopViewController.swift */; };
		D63E7C2B2CCB64D50092D225 /* ReviewMidView.swift in Sources */ = {isa = PBXBuildFile; fileRef = D63E7C172CCB64D50092D225 /* ReviewMidView.swift */; };
		D63E7C2C2CCB64D50092D225 /* HeaderViewController.swift in Sources */ = {isa = PBXBuildFile; fileRef = D63E7C182CCB64D50092D225 /* HeaderViewController.swift */; };
		D63E7C2D2CCB64D50092D225 /* InfoViewController.swift in Sources */ = {isa = PBXBuildFile; fileRef = D63E7C192CCB64D50092D225 /* InfoViewController.swift */; };
		D63E7C2E2CCB64D50092D225 /* PreviewViewController.swift in Sources */ = {isa = PBXBuildFile; fileRef = D63E7C1A2CCB64D50092D225 /* PreviewViewController.swift */; };
		D63E7C302CCB64D50092D225 /* ReviewBottomViewController.swift in Sources */ = {isa = PBXBuildFile; fileRef = D63E7C1C2CCB64D50092D225 /* ReviewBottomViewController.swift */; };
		D63E7C322CCB64D50092D225 /* UpdateInfoViewController.swift in Sources */ = {isa = PBXBuildFile; fileRef = D63E7C1E2CCB64D50092D225 /* UpdateInfoViewController.swift */; };
		D63E7C332CCB64D50092D225 /* AppDelegate.swift in Sources */ = {isa = PBXBuildFile; fileRef = D63E7C202CCB64D50092D225 /* AppDelegate.swift */; };
		D63E7C342CCB64D50092D225 /* SceneDelegate.swift in Sources */ = {isa = PBXBuildFile; fileRef = D63E7C272CCB64D50092D225 /* SceneDelegate.swift */; };
		D63E7C352CCB64D50092D225 /* TossView.swift in Sources */ = {isa = PBXBuildFile; fileRef = D63E7C282CCB64D50092D225 /* TossView.swift */; };
		D63E7C362CCB64D50092D225 /* Assets.xcassets in Resources */ = {isa = PBXBuildFile; fileRef = D63E7C212CCB64D50092D225 /* Assets.xcassets */; };
		D63E7C382CCB64D50092D225 /* LaunchScreen.storyboard in Resources */ = {isa = PBXBuildFile; fileRef = D63E7C242CCB64D50092D225 /* LaunchScreen.storyboard */; };
		D63E7C3D2CCBC7BD0092D225 /* VersionPageViewController.swift in Sources */ = {isa = PBXBuildFile; fileRef = D63E7C3C2CCBC7BD0092D225 /* VersionPageViewController.swift */; };
		D63E7C402CCBCA8C0092D225 /* ReviewPageViewController.swift in Sources */ = {isa = PBXBuildFile; fileRef = D63E7C3F2CCBCA8C0092D225 /* ReviewPageViewController.swift */; };
		D64571712CF88D690016DDD8 /* Tap.swift in Sources */ = {isa = PBXBuildFile; fileRef = D64571702CF88D690016DDD8 /* Tap.swift */; };
		D645717F2CF8A0E30016DDD8 /* EntertainmentView.swift in Sources */ = {isa = PBXBuildFile; fileRef = D645717E2CF8A0E30016DDD8 /* EntertainmentView.swift */; };
		D64BC8432CFF241200852010 /* AppRow.swift in Sources */ = {isa = PBXBuildFile; fileRef = D64BC8422CFF241200852010 /* AppRow.swift */; };
		D64BC8462CFF271A00852010 /* SwiftUIAppViewModel.swift in Sources */ = {isa = PBXBuildFile; fileRef = D64BC8452CFF271A00852010 /* SwiftUIAppViewModel.swift */; };
		D64BC8482CFF273300852010 /* SwiftUIApp.swift in Sources */ = {isa = PBXBuildFile; fileRef = D64BC8472CFF273300852010 /* SwiftUIApp.swift */; };
		D65BFECE2CD3FB1700797234 /* CharListView.swift in Sources */ = {isa = PBXBuildFile; fileRef = D65BFECD2CD3FB1700797234 /* CharListView.swift */; };
		D6B32D8B2CD1DD74003EF497 /* FinanceViewController.swift in Sources */ = {isa = PBXBuildFile; fileRef = D6B32D8A2CD1DD74003EF497 /* FinanceViewController.swift */; };
		D6B825C52CF82D34006834CB /* DefalutView.swift in Sources */ = {isa = PBXBuildFile; fileRef = D6B825C42CF82D33006834CB /* DefalutView.swift */; };
		D6BD34742CDC45E300D4E69C /* Alamofire in Frameworks */ = {isa = PBXBuildFile; productRef = D6BD34732CDC45E300D4E69C /* Alamofire */; };
		D6D951162CF8171D00E34141 /* RootViewController.swift in Sources */ = {isa = PBXBuildFile; fileRef = D6D951152CF8171D00E34141 /* RootViewController.swift */; };
		D6F6185F2CC959DB001EE4EA /* SnapKit in Frameworks */ = {isa = PBXBuildFile; productRef = D6F6185E2CC959DB001EE4EA /* SnapKit */; };
/* End PBXBuildFile section */

/* Begin PBXContainerItemProxy section */
		D620236E2CC956FD002554FC /* PBXContainerItemProxy */ = {
			isa = PBXContainerItemProxy;
			containerPortal = D620234F2CC956FC002554FC /* Project object */;
			proxyType = 1;
			remoteGlobalIDString = D62023562CC956FC002554FC;
			remoteInfo = Sopt_Appstore;
		};
		D62023782CC956FD002554FC /* PBXContainerItemProxy */ = {
			isa = PBXContainerItemProxy;
			containerPortal = D620234F2CC956FC002554FC /* Project object */;
			proxyType = 1;
			remoteGlobalIDString = D62023562CC956FC002554FC;
			remoteInfo = Sopt_Appstore;
		};
/* End PBXContainerItemProxy section */

/* Begin PBXFileReference section */
		D60A8A2D2CFEFE5600E48F24 /* FinanceView.swift */ = {isa = PBXFileReference; lastKnownFileType = sourcecode.swift; path = FinanceView.swift; sourceTree = "<group>"; };
		D60A8A2F2CFF007F00E48F24 /* AppSectionBoxView.swift */ = {isa = PBXFileReference; lastKnownFileType = sourcecode.swift; path = AppSectionBoxView.swift; sourceTree = "<group>"; };
		D60A8A312CFF01FB00E48F24 /* HeadScrollViewRowData.swift */ = {isa = PBXFileReference; lastKnownFileType = sourcecode.swift; path = HeadScrollViewRowData.swift; sourceTree = "<group>"; };
		D60A8A332CFF021600E48F24 /* HeadTabviewViewViewModel.swift */ = {isa = PBXFileReference; lastKnownFileType = sourcecode.swift; path = HeadTabviewViewViewModel.swift; sourceTree = "<group>"; };
		D60A8A352CFF0DD000E48F24 /* HeadTabViewRow.swift */ = {isa = PBXFileReference; lastKnownFileType = sourcecode.swift; path = HeadTabViewRow.swift; sourceTree = "<group>"; };
		D60A8A382CFF106000E48F24 /* HeadTabView.swift */ = {isa = PBXFileReference; lastKnownFileType = sourcecode.swift; path = HeadTabView.swift; sourceTree = "<group>"; };
		D62023572CC956FC002554FC /* Sopt_Appstore.app */ = {isa = PBXFileReference; explicitFileType = wrapper.application; includeInIndex = 0; path = Sopt_Appstore.app; sourceTree = BUILT_PRODUCTS_DIR; };
		D620236D2CC956FD002554FC /* Sopt_AppstoreTests.xctest */ = {isa = PBXFileReference; explicitFileType = wrapper.cfbundle; includeInIndex = 0; path = Sopt_AppstoreTests.xctest; sourceTree = BUILT_PRODUCTS_DIR; };
		D62023772CC956FD002554FC /* Sopt_AppstoreUITests.xctest */ = {isa = PBXFileReference; explicitFileType = wrapper.cfbundle; includeInIndex = 0; path = Sopt_AppstoreUITests.xctest; sourceTree = BUILT_PRODUCTS_DIR; };
		D621CD772CDDFEEA00B3A420 /* Environment.swift */ = {isa = PBXFileReference; lastKnownFileType = sourcecode.swift; path = Environment.swift; sourceTree = "<group>"; };
		D621CD792CDDFF1100B3A420 /* ErrorEnum.swift */ = {isa = PBXFileReference; lastKnownFileType = sourcecode.swift; path = ErrorEnum.swift; sourceTree = "<group>"; };
		D621CD7D2CDE008400B3A420 /* DTO.swift */ = {isa = PBXFileReference; lastKnownFileType = sourcecode.swift; path = DTO.swift; sourceTree = "<group>"; };
		D621CD822CDE07A400B3A420 /* LoginViewController.swift */ = {isa = PBXFileReference; lastKnownFileType = sourcecode.swift; path = LoginViewController.swift; sourceTree = "<group>"; };
		D621CD922CDE0F7A00B3A420 /* UserService.swift */ = {isa = PBXFileReference; lastKnownFileType = sourcecode.swift; path = UserService.swift; sourceTree = "<group>"; };
		D621CD982CDE292200B3A420 /* RegisterViewController.swift */ = {isa = PBXFileReference; lastKnownFileType = sourcecode.swift; path = RegisterViewController.swift; sourceTree = "<group>"; };
		D621CD9A2CDE2A9900B3A420 /* QueryViewController.swift */ = {isa = PBXFileReference; lastKnownFileType = sourcecode.swift; path = QueryViewController.swift; sourceTree = "<group>"; };
		D621CD9C2CDE3D7700B3A420 /* Configs.xcconfig */ = {isa = PBXFileReference; lastKnownFileType = text.xcconfig; path = Configs.xcconfig; sourceTree = "<group>"; };
		D63390F82CF756ED001164C8 /* MainView.swift */ = {isa = PBXFileReference; lastKnownFileType = sourcecode.swift; path = MainView.swift; sourceTree = "<group>"; };
		D63390FC2CF75797001164C8 /* Applist.swift */ = {isa = PBXFileReference; lastKnownFileType = sourcecode.swift; path = Applist.swift; sourceTree = "<group>"; };
		D636D2342CD247E900C8C1E2 /* HeadScrollViewRow.swift */ = {isa = PBXFileReference; lastKnownFileType = sourcecode.swift; path = HeadScrollViewRow.swift; sourceTree = "<group>"; };
		D636D2372CD24E9900C8C1E2 /* ComponentExtension.swift */ = {isa = PBXFileReference; lastKnownFileType = sourcecode.swift; path = ComponentExtension.swift; sourceTree = "<group>"; };
		D636D23B2CD260A300C8C1E2 /* ApptitleView.swift */ = {isa = PBXFileReference; lastKnownFileType = sourcecode.swift; path = ApptitleView.swift; sourceTree = "<group>"; };
		D636D2412CD291A700C8C1E2 /* AppDataSet.swift */ = {isa = PBXFileReference; lastKnownFileType = sourcecode.swift; path = AppDataSet.swift; sourceTree = "<group>"; };
		D636D2432CD291DF00C8C1E2 /* AppRowView.swift */ = {isa = PBXFileReference; lastKnownFileType = sourcecode.swift; path = AppRowView.swift; sourceTree = "<group>"; };
		D636D2452CD2926800C8C1E2 /* ChartViewController.swift */ = {isa = PBXFileReference; lastKnownFileType = sourcecode.swift; path = ChartViewController.swift; sourceTree = "<group>"; };
		D636D2482CD2ABCA00C8C1E2 /* AppHorizontalScrollView.swift */ = {isa = PBXFileReference; lastKnownFileType = sourcecode.swift; path = AppHorizontalScrollView.swift; sourceTree = "<group>"; };
		D636D24A2CD315FE00C8C1E2 /* CollectionViewRow.swift */ = {isa = PBXFileReference; lastKnownFileType = sourcecode.swift; path = CollectionViewRow.swift; sourceTree = "<group>"; };
		D636D24C2CD3265F00C8C1E2 /* HeadScrollView.swift */ = {isa = PBXFileReference; lastKnownFileType = sourcecode.swift; path = HeadScrollView.swift; sourceTree = "<group>"; };
		D636D24F2CD32D8300C8C1E2 /* PreviewScroll View.swift */ = {isa = PBXFileReference; lastKnownFileType = sourcecode.swift; path = "PreviewScroll View.swift"; sourceTree = "<group>"; };
		D636D2522CD33A2E00C8C1E2 /* ReviewMidScrollView.swift */ = {isa = PBXFileReference; lastKnownFileType = sourcecode.swift; path = ReviewMidScrollView.swift; sourceTree = "<group>"; };
		D636D2542CD33A4600C8C1E2 /* ReviewMidViewController.swift */ = {isa = PBXFileReference; lastKnownFileType = sourcecode.swift; path = ReviewMidViewController.swift; sourceTree = "<group>"; };
		D63E7C162CCB64D50092D225 /* ReviewTopViewController.swift */ = {isa = PBXFileReference; lastKnownFileType = sourcecode.swift; path = ReviewTopViewController.swift; sourceTree = "<group>"; };
		D63E7C172CCB64D50092D225 /* ReviewMidView.swift */ = {isa = PBXFileReference; lastKnownFileType = sourcecode.swift; path = ReviewMidView.swift; sourceTree = "<group>"; };
		D63E7C182CCB64D50092D225 /* HeaderViewController.swift */ = {isa = PBXFileReference; lastKnownFileType = sourcecode.swift; path = HeaderViewController.swift; sourceTree = "<group>"; };
		D63E7C192CCB64D50092D225 /* InfoViewController.swift */ = {isa = PBXFileReference; lastKnownFileType = sourcecode.swift; path = InfoViewController.swift; sourceTree = "<group>"; };
		D63E7C1A2CCB64D50092D225 /* PreviewViewController.swift */ = {isa = PBXFileReference; lastKnownFileType = sourcecode.swift; path = PreviewViewController.swift; sourceTree = "<group>"; };
		D63E7C1C2CCB64D50092D225 /* ReviewBottomViewController.swift */ = {isa = PBXFileReference; lastKnownFileType = sourcecode.swift; path = ReviewBottomViewController.swift; sourceTree = "<group>"; };
		D63E7C1E2CCB64D50092D225 /* UpdateInfoViewController.swift */ = {isa = PBXFileReference; lastKnownFileType = sourcecode.swift; path = UpdateInfoViewController.swift; sourceTree = "<group>"; };
		D63E7C202CCB64D50092D225 /* AppDelegate.swift */ = {isa = PBXFileReference; lastKnownFileType = sourcecode.swift; path = AppDelegate.swift; sourceTree = "<group>"; };
		D63E7C212CCB64D50092D225 /* Assets.xcassets */ = {isa = PBXFileReference; lastKnownFileType = folder.assetcatalog; path = Assets.xcassets; sourceTree = "<group>"; };
		D63E7C222CCB64D50092D225 /* Info.plist */ = {isa = PBXFileReference; lastKnownFileType = text.plist.xml; path = Info.plist; sourceTree = "<group>"; };
		D63E7C232CCB64D50092D225 /* Base */ = {isa = PBXFileReference; lastKnownFileType = file.storyboard; name = Base; path = Base.lproj/LaunchScreen.storyboard; sourceTree = "<group>"; };
		D63E7C272CCB64D50092D225 /* SceneDelegate.swift */ = {isa = PBXFileReference; lastKnownFileType = sourcecode.swift; path = SceneDelegate.swift; sourceTree = "<group>"; };
		D63E7C282CCB64D50092D225 /* TossView.swift */ = {isa = PBXFileReference; lastKnownFileType = sourcecode.swift; path = TossView.swift; sourceTree = "<group>"; };
		D63E7C3C2CCBC7BD0092D225 /* VersionPageViewController.swift */ = {isa = PBXFileReference; lastKnownFileType = sourcecode.swift; path = VersionPageViewController.swift; sourceTree = "<group>"; };
		D63E7C3F2CCBCA8C0092D225 /* ReviewPageViewController.swift */ = {isa = PBXFileReference; lastKnownFileType = sourcecode.swift; path = ReviewPageViewController.swift; sourceTree = "<group>"; };
		D64571702CF88D690016DDD8 /* Tap.swift */ = {isa = PBXFileReference; lastKnownFileType = sourcecode.swift; path = Tap.swift; sourceTree = "<group>"; };
		D645717E2CF8A0E30016DDD8 /* EntertainmentView.swift */ = {isa = PBXFileReference; lastKnownFileType = sourcecode.swift; path = EntertainmentView.swift; sourceTree = "<group>"; };
		D64BC8422CFF241200852010 /* AppRow.swift */ = {isa = PBXFileReference; lastKnownFileType = sourcecode.swift; path = AppRow.swift; sourceTree = "<group>"; };
		D64BC8452CFF271A00852010 /* SwiftUIAppViewModel.swift */ = {isa = PBXFileReference; lastKnownFileType = sourcecode.swift; path = SwiftUIAppViewModel.swift; sourceTree = "<group>"; };
		D64BC8472CFF273300852010 /* SwiftUIApp.swift */ = {isa = PBXFileReference; lastKnownFileType = sourcecode.swift; path = SwiftUIApp.swift; sourceTree = "<group>"; };
		D65BFECD2CD3FB1700797234 /* CharListView.swift */ = {isa = PBXFileReference; lastKnownFileType = sourcecode.swift; path = CharListView.swift; sourceTree = "<group>"; };
		D6B32D8A2CD1DD74003EF497 /* FinanceViewController.swift */ = {isa = PBXFileReference; lastKnownFileType = sourcecode.swift; path = FinanceViewController.swift; sourceTree = "<group>"; };
		D6B825C42CF82D33006834CB /* DefalutView.swift */ = {isa = PBXFileReference; lastKnownFileType = sourcecode.swift; path = DefalutView.swift; sourceTree = "<group>"; };
		D6D951152CF8171D00E34141 /* RootViewController.swift */ = {isa = PBXFileReference; lastKnownFileType = sourcecode.swift; path = RootViewController.swift; sourceTree = "<group>"; };
/* End PBXFileReference section */

/* Begin PBXFileSystemSynchronizedRootGroup section */
		D62023702CC956FD002554FC /* Sopt_AppstoreTests */ = {
			isa = PBXFileSystemSynchronizedRootGroup;
			path = Sopt_AppstoreTests;
			sourceTree = "<group>";
		};
		D620237A2CC956FD002554FC /* Sopt_AppstoreUITests */ = {
			isa = PBXFileSystemSynchronizedRootGroup;
			path = Sopt_AppstoreUITests;
			sourceTree = "<group>";
		};
		D65BFEC42CD3B30000797234 /* RatingViewController */ = {
			isa = PBXFileSystemSynchronizedRootGroup;
			path = RatingViewController;
			sourceTree = "<group>";
		};
/* End PBXFileSystemSynchronizedRootGroup section */

/* Begin PBXFrameworksBuildPhase section */
		D62023542CC956FC002554FC /* Frameworks */ = {
			isa = PBXFrameworksBuildPhase;
			buildActionMask = 2147483647;
			files = (
				D6BD34742CDC45E300D4E69C /* Alamofire in Frameworks */,
				D6F6185F2CC959DB001EE4EA /* SnapKit in Frameworks */,
				D621CD812CDE077000B3A420 /* KeychainSwift in Frameworks */,
				D636D23F2CD28F7700C8C1E2 /* Then in Frameworks */,
			);
			runOnlyForDeploymentPostprocessing = 0;
		};
		D620236A2CC956FD002554FC /* Frameworks */ = {
			isa = PBXFrameworksBuildPhase;
			buildActionMask = 2147483647;
			files = (
			);
			runOnlyForDeploymentPostprocessing = 0;
		};
		D62023742CC956FD002554FC /* Frameworks */ = {
			isa = PBXFrameworksBuildPhase;
			buildActionMask = 2147483647;
			files = (
			);
			runOnlyForDeploymentPostprocessing = 0;
		};
/* End PBXFrameworksBuildPhase section */

/* Begin PBXGroup section */
		D60A8A2A2CFEFDD300E48F24 /* View */ = {
			isa = PBXGroup;
			children = (
				D64BC83E2CFF17C000852010 /* AppBoxView */,
				D63390F82CF756ED001164C8 /* MainView.swift */,
				D64BC8412CFF23F800852010 /* AppChart */,
				D64BC8442CFF241D00852010 /* NavigtionView */,
				D60A8A372CFF102C00E48F24 /* HeadView */,
				D60A8A2D2CFEFE5600E48F24 /* FinanceView.swift */,
			);
			path = View;
			sourceTree = "<group>";
		};
		D60A8A2B2CFEFDDF00E48F24 /* Model */ = {
			isa = PBXGroup;
			children = (
				D64571702CF88D690016DDD8 /* Tap.swift */,
				D60A8A312CFF01FB00E48F24 /* HeadScrollViewRowData.swift */,
				D64BC8472CFF273300852010 /* SwiftUIApp.swift */,
			);
			path = Model;
			sourceTree = "<group>";
		};
		D60A8A2C2CFEFDE500E48F24 /* ViewModel */ = {
			isa = PBXGroup;
			children = (
				D60A8A332CFF021600E48F24 /* HeadTabviewViewViewModel.swift */,
				D64BC8452CFF271A00852010 /* SwiftUIAppViewModel.swift */,
			);
			path = ViewModel;
			sourceTree = "<group>";
		};
		D60A8A372CFF102C00E48F24 /* HeadView */ = {
			isa = PBXGroup;
			children = (
				D60A8A352CFF0DD000E48F24 /* HeadTabViewRow.swift */,
				D60A8A382CFF106000E48F24 /* HeadTabView.swift */,
			);
			path = HeadView;
			sourceTree = "<group>";
		};
		D620234E2CC956FC002554FC = {
			isa = PBXGroup;
			children = (
				D63E7C292CCB64D50092D225 /* Sopt_Appstore */,
				D62023702CC956FD002554FC /* Sopt_AppstoreTests */,
				D620237A2CC956FD002554FC /* Sopt_AppstoreUITests */,
				D62023582CC956FC002554FC /* Products */,
			);
			sourceTree = "<group>";
		};
		D62023582CC956FC002554FC /* Products */ = {
			isa = PBXGroup;
			children = (
				D62023572CC956FC002554FC /* Sopt_Appstore.app */,
				D620236D2CC956FD002554FC /* Sopt_AppstoreTests.xctest */,
				D62023772CC956FD002554FC /* Sopt_AppstoreUITests.xctest */,
			);
			name = Products;
			sourceTree = "<group>";
		};
		D621CD7B2CDE002D00B3A420 /* VIew */ = {
			isa = PBXGroup;
			children = (
				D636D2362CD24E8600C8C1E2 /* Extension */,
				D63E7C1F2CCB64D50092D225 /* AppStoreViewModules */,
				D6B32D892CD1DD3D003EF497 /* FinanceView */,
				D63E7C3E2CCBC7CD0092D225 /* Navigation */,
			);
			path = VIew;
			sourceTree = "<group>";
		};
		D621CD7C2CDE004400B3A420 /* Server */ = {
			isa = PBXGroup;
			children = (
				D621CD7D2CDE008400B3A420 /* DTO.swift */,
				D621CD9C2CDE3D7700B3A420 /* Configs.xcconfig */,
				D621CD772CDDFEEA00B3A420 /* Environment.swift */,
				D621CD792CDDFF1100B3A420 /* ErrorEnum.swift */,
				D621CD822CDE07A400B3A420 /* LoginViewController.swift */,
				D621CD9A2CDE2A9900B3A420 /* QueryViewController.swift */,
				D621CD982CDE292200B3A420 /* RegisterViewController.swift */,
				D621CD922CDE0F7A00B3A420 /* UserService.swift */,
			);
			path = Server;
			sourceTree = "<group>";
		};
		D63390F72CF756D1001164C8 /* SwiftUI */ = {
			isa = PBXGroup;
			children = (
				D60A8A2C2CFEFDE500E48F24 /* ViewModel */,
				D60A8A2B2CFEFDDF00E48F24 /* Model */,
				D60A8A2A2CFEFDD300E48F24 /* View */,
			);
			path = SwiftUI;
			sourceTree = "<group>";
		};
		D636D2362CD24E8600C8C1E2 /* Extension */ = {
			isa = PBXGroup;
			children = (
				D636D2372CD24E9900C8C1E2 /* ComponentExtension.swift */,
			);
			path = Extension;
			sourceTree = "<group>";
		};
		D636D2402CD2903700C8C1E2 /* AppChartView */ = {
			isa = PBXGroup;
			children = (
				D636D2412CD291A700C8C1E2 /* AppDataSet.swift */,
				D636D2432CD291DF00C8C1E2 /* AppRowView.swift */,
				D636D2452CD2926800C8C1E2 /* ChartViewController.swift */,
				D65BFECD2CD3FB1700797234 /* CharListView.swift */,
			);
			path = AppChartView;
			sourceTree = "<group>";
		};
		D636D2472CD2ABA800C8C1E2 /* AppHorizontalScrollView */ = {
			isa = PBXGroup;
			children = (
				D636D2482CD2ABCA00C8C1E2 /* AppHorizontalScrollView.swift */,
				D636D24A2CD315FE00C8C1E2 /* CollectionViewRow.swift */,
			);
			path = AppHorizontalScrollView;
			sourceTree = "<group>";
		};
		D636D24E2CD32B6300C8C1E2 /* PreViewScrollView */ = {
			isa = PBXGroup;
			children = (
				D63E7C1A2CCB64D50092D225 /* PreviewViewController.swift */,
				D636D24F2CD32D8300C8C1E2 /* PreviewScroll View.swift */,
			);
			path = PreViewScrollView;
			sourceTree = "<group>";
		};
		D636D2512CD3366600C8C1E2 /* ReviewMidViewController */ = {
			isa = PBXGroup;
			children = (
				D63E7C172CCB64D50092D225 /* ReviewMidView.swift */,
				D636D2522CD33A2E00C8C1E2 /* ReviewMidScrollView.swift */,
				D636D2542CD33A4600C8C1E2 /* ReviewMidViewController.swift */,
			);
			path = ReviewMidViewController;
			sourceTree = "<group>";
		};
		D63E7C1F2CCB64D50092D225 /* AppStoreViewModules */ = {
			isa = PBXGroup;
			children = (
				D63E7C282CCB64D50092D225 /* TossView.swift */,
				D63E7C182CCB64D50092D225 /* HeaderViewController.swift */,
				D65BFEC42CD3B30000797234 /* RatingViewController */,
				D636D24E2CD32B6300C8C1E2 /* PreViewScrollView */,
				D63E7C1E2CCB64D50092D225 /* UpdateInfoViewController.swift */,
				D63E7C192CCB64D50092D225 /* InfoViewController.swift */,
				D63E7C162CCB64D50092D225 /* ReviewTopViewController.swift */,
				D636D2512CD3366600C8C1E2 /* ReviewMidViewController */,
				D63E7C1C2CCB64D50092D225 /* ReviewBottomViewController.swift */,
			);
			path = AppStoreViewModules;
			sourceTree = "<group>";
		};
		D63E7C292CCB64D50092D225 /* Sopt_Appstore */ = {
			isa = PBXGroup;
			children = (
				D63390F72CF756D1001164C8 /* SwiftUI */,
				D63E7C222CCB64D50092D225 /* Info.plist */,
				D621CD7C2CDE004400B3A420 /* Server */,
				D621CD7B2CDE002D00B3A420 /* VIew */,
				D6B32D882CD1DD20003EF497 /* Delegate */,
				D6D951152CF8171D00E34141 /* RootViewController.swift */,
			);
			path = Sopt_Appstore;
			sourceTree = "<group>";
		};
		D63E7C3E2CCBC7CD0092D225 /* Navigation */ = {
			isa = PBXGroup;
			children = (
				D63E7C3C2CCBC7BD0092D225 /* VersionPageViewController.swift */,
				D63E7C3F2CCBCA8C0092D225 /* ReviewPageViewController.swift */,
			);
			path = Navigation;
			sourceTree = "<group>";
		};
		D64BC83E2CFF17C000852010 /* AppBoxView */ = {
			isa = PBXGroup;
			children = (
				D60A8A2F2CFF007F00E48F24 /* AppSectionBoxView.swift */,
			);
			path = AppBoxView;
			sourceTree = "<group>";
		};
		D64BC8412CFF23F800852010 /* AppChart */ = {
			isa = PBXGroup;
			children = (
				D63390FC2CF75797001164C8 /* Applist.swift */,
				D64BC8422CFF241200852010 /* AppRow.swift */,
			);
			path = AppChart;
			sourceTree = "<group>";
		};
		D64BC8442CFF241D00852010 /* NavigtionView */ = {
			isa = PBXGroup;
			children = (
				D645717E2CF8A0E30016DDD8 /* EntertainmentView.swift */,
				D6B825C42CF82D33006834CB /* DefalutView.swift */,
			);
			path = NavigtionView;
			sourceTree = "<group>";
		};
		D67AC1C72CD4952C00C1A948 /* HeadScrollViewRow */ = {
			isa = PBXGroup;
			children = (
				D636D2342CD247E900C8C1E2 /* HeadScrollViewRow.swift */,
				D636D24C2CD3265F00C8C1E2 /* HeadScrollView.swift */,
			);
			path = HeadScrollViewRow;
			sourceTree = "<group>";
		};
		D6B32D882CD1DD20003EF497 /* Delegate */ = {
			isa = PBXGroup;
			children = (
				D63E7C242CCB64D50092D225 /* LaunchScreen.storyboard */,
				D63E7C202CCB64D50092D225 /* AppDelegate.swift */,
				D63E7C272CCB64D50092D225 /* SceneDelegate.swift */,
				D63E7C212CCB64D50092D225 /* Assets.xcassets */,
			);
			path = Delegate;
			sourceTree = "<group>";
		};
		D6B32D892CD1DD3D003EF497 /* FinanceView */ = {
			isa = PBXGroup;
			children = (
				D6B32D8A2CD1DD74003EF497 /* FinanceViewController.swift */,
				D67AC1C72CD4952C00C1A948 /* HeadScrollViewRow */,
				D636D23B2CD260A300C8C1E2 /* ApptitleView.swift */,
				D636D2472CD2ABA800C8C1E2 /* AppHorizontalScrollView */,
				D636D2402CD2903700C8C1E2 /* AppChartView */,
			);
			path = FinanceView;
			sourceTree = "<group>";
		};
/* End PBXGroup section */

/* Begin PBXNativeTarget section */
		D62023562CC956FC002554FC /* Sopt_Appstore */ = {
			isa = PBXNativeTarget;
			buildConfigurationList = D62023802CC956FD002554FC /* Build configuration list for PBXNativeTarget "Sopt_Appstore" */;
			buildPhases = (
				D62023532CC956FC002554FC /* Sources */,
				D62023542CC956FC002554FC /* Frameworks */,
				D62023552CC956FC002554FC /* Resources */,
			);
			buildRules = (
			);
			dependencies = (
			);
			fileSystemSynchronizedGroups = (
				D65BFEC42CD3B30000797234 /* RatingViewController */,
			);
			name = Sopt_Appstore;
			packageProductDependencies = (
				D6F6185E2CC959DB001EE4EA /* SnapKit */,
				D636D23E2CD28F7700C8C1E2 /* Then */,
				D6BD34732CDC45E300D4E69C /* Alamofire */,
				D621CD802CDE077000B3A420 /* KeychainSwift */,
			);
			productName = Sopt_Appstore;
			productReference = D62023572CC956FC002554FC /* Sopt_Appstore.app */;
			productType = "com.apple.product-type.application";
		};
		D620236C2CC956FD002554FC /* Sopt_AppstoreTests */ = {
			isa = PBXNativeTarget;
			buildConfigurationList = D62023852CC956FD002554FC /* Build configuration list for PBXNativeTarget "Sopt_AppstoreTests" */;
			buildPhases = (
				D62023692CC956FD002554FC /* Sources */,
				D620236A2CC956FD002554FC /* Frameworks */,
				D620236B2CC956FD002554FC /* Resources */,
			);
			buildRules = (
			);
			dependencies = (
				D620236F2CC956FD002554FC /* PBXTargetDependency */,
			);
			fileSystemSynchronizedGroups = (
				D62023702CC956FD002554FC /* Sopt_AppstoreTests */,
			);
			name = Sopt_AppstoreTests;
			packageProductDependencies = (
			);
			productName = Sopt_AppstoreTests;
			productReference = D620236D2CC956FD002554FC /* Sopt_AppstoreTests.xctest */;
			productType = "com.apple.product-type.bundle.unit-test";
		};
		D62023762CC956FD002554FC /* Sopt_AppstoreUITests */ = {
			isa = PBXNativeTarget;
			buildConfigurationList = D62023882CC956FD002554FC /* Build configuration list for PBXNativeTarget "Sopt_AppstoreUITests" */;
			buildPhases = (
				D62023732CC956FD002554FC /* Sources */,
				D62023742CC956FD002554FC /* Frameworks */,
				D62023752CC956FD002554FC /* Resources */,
			);
			buildRules = (
			);
			dependencies = (
				D62023792CC956FD002554FC /* PBXTargetDependency */,
			);
			fileSystemSynchronizedGroups = (
				D620237A2CC956FD002554FC /* Sopt_AppstoreUITests */,
			);
			name = Sopt_AppstoreUITests;
			packageProductDependencies = (
			);
			productName = Sopt_AppstoreUITests;
			productReference = D62023772CC956FD002554FC /* Sopt_AppstoreUITests.xctest */;
			productType = "com.apple.product-type.bundle.ui-testing";
		};
/* End PBXNativeTarget section */

/* Begin PBXProject section */
		D620234F2CC956FC002554FC /* Project object */ = {
			isa = PBXProject;
			attributes = {
				BuildIndependentTargetsInParallel = 1;
				LastSwiftUpdateCheck = 1600;
				LastUpgradeCheck = 1600;
				TargetAttributes = {
					D62023562CC956FC002554FC = {
						CreatedOnToolsVersion = 16.0;
					};
					D620236C2CC956FD002554FC = {
						CreatedOnToolsVersion = 16.0;
						TestTargetID = D62023562CC956FC002554FC;
					};
					D62023762CC956FD002554FC = {
						CreatedOnToolsVersion = 16.0;
						TestTargetID = D62023562CC956FC002554FC;
					};
				};
			};
			buildConfigurationList = D62023522CC956FC002554FC /* Build configuration list for PBXProject "Sopt_Appstore" */;
			developmentRegion = en;
			hasScannedForEncodings = 0;
			knownRegions = (
				en,
				Base,
			);
			mainGroup = D620234E2CC956FC002554FC;
			minimizedProjectReferenceProxies = 1;
			packageReferences = (
				D6F6185D2CC959DB001EE4EA /* XCRemoteSwiftPackageReference "SnapKit" */,
				D636D23D2CD28F7700C8C1E2 /* XCRemoteSwiftPackageReference "Then" */,
				D6BD34722CDC45E300D4E69C /* XCRemoteSwiftPackageReference "Alamofire" */,
				D621CD7F2CDE077000B3A420 /* XCRemoteSwiftPackageReference "keychain-swift" */,
			);
			preferredProjectObjectVersion = 77;
			productRefGroup = D62023582CC956FC002554FC /* Products */;
			projectDirPath = "";
			projectRoot = "";
			targets = (
				D62023562CC956FC002554FC /* Sopt_Appstore */,
				D620236C2CC956FD002554FC /* Sopt_AppstoreTests */,
				D62023762CC956FD002554FC /* Sopt_AppstoreUITests */,
			);
		};
/* End PBXProject section */

/* Begin PBXResourcesBuildPhase section */
		D62023552CC956FC002554FC /* Resources */ = {
			isa = PBXResourcesBuildPhase;
			buildActionMask = 2147483647;
			files = (
				D621CD9D2CDE3D7700B3A420 /* Configs.xcconfig in Resources */,
				D63E7C362CCB64D50092D225 /* Assets.xcassets in Resources */,
				D63E7C382CCB64D50092D225 /* LaunchScreen.storyboard in Resources */,
			);
			runOnlyForDeploymentPostprocessing = 0;
		};
		D620236B2CC956FD002554FC /* Resources */ = {
			isa = PBXResourcesBuildPhase;
			buildActionMask = 2147483647;
			files = (
			);
			runOnlyForDeploymentPostprocessing = 0;
		};
		D62023752CC956FD002554FC /* Resources */ = {
			isa = PBXResourcesBuildPhase;
			buildActionMask = 2147483647;
			files = (
			);
			runOnlyForDeploymentPostprocessing = 0;
		};
/* End PBXResourcesBuildPhase section */

/* Begin PBXSourcesBuildPhase section */
		D62023532CC956FC002554FC /* Sources */ = {
			isa = PBXSourcesBuildPhase;
			buildActionMask = 2147483647;
			files = (
				D60A8A322CFF01FB00E48F24 /* HeadScrollViewRowData.swift in Sources */,
				D60A8A2E2CFEFE5600E48F24 /* FinanceView.swift in Sources */,
				D63E7C2A2CCB64D50092D225 /* ReviewTopViewController.swift in Sources */,
				D6B32D8B2CD1DD74003EF497 /* FinanceViewController.swift in Sources */,
				D63E7C2B2CCB64D50092D225 /* ReviewMidView.swift in Sources */,
				D621CD9B2CDE2A9900B3A420 /* QueryViewController.swift in Sources */,
				D645717F2CF8A0E30016DDD8 /* EntertainmentView.swift in Sources */,
				D636D24D2CD3265F00C8C1E2 /* HeadScrollView.swift in Sources */,
				D636D2552CD33A4600C8C1E2 /* ReviewMidViewController.swift in Sources */,
				D63E7C2C2CCB64D50092D225 /* HeaderViewController.swift in Sources */,
				D621CD932CDE0F7A00B3A420 /* UserService.swift in Sources */,
				D636D2442CD291DF00C8C1E2 /* AppRowView.swift in Sources */,
				D636D2462CD2926800C8C1E2 /* ChartViewController.swift in Sources */,
				D636D2502CD32D8300C8C1E2 /* PreviewScroll View.swift in Sources */,
				D64BC8432CFF241200852010 /* AppRow.swift in Sources */,
				D63E7C2D2CCB64D50092D225 /* InfoViewController.swift in Sources */,
				D636D2352CD247E900C8C1E2 /* HeadScrollViewRow.swift in Sources */,
				D60A8A362CFF0DD000E48F24 /* HeadTabViewRow.swift in Sources */,
				D63E7C2E2CCB64D50092D225 /* PreviewViewController.swift in Sources */,
				D63E7C402CCBCA8C0092D225 /* ReviewPageViewController.swift in Sources */,
				D636D2422CD291A700C8C1E2 /* AppDataSet.swift in Sources */,
				D636D2532CD33A2E00C8C1E2 /* ReviewMidScrollView.swift in Sources */,
				D621CD992CDE292200B3A420 /* RegisterViewController.swift in Sources */,
				D6B825C52CF82D34006834CB /* DefalutView.swift in Sources */,
				D63E7C302CCB64D50092D225 /* ReviewBottomViewController.swift in Sources */,
				D621CD782CDDFEEA00B3A420 /* Environment.swift in Sources */,
				D64571712CF88D690016DDD8 /* Tap.swift in Sources */,
				D60A8A302CFF007F00E48F24 /* AppSectionBoxView.swift in Sources */,
				D60A8A392CFF106000E48F24 /* HeadTabView.swift in Sources */,
				D6D951162CF8171D00E34141 /* RootViewController.swift in Sources */,
				D64BC8482CFF273300852010 /* SwiftUIApp.swift in Sources */,
				D636D24B2CD315FE00C8C1E2 /* CollectionViewRow.swift in Sources */,
				D63E7C322CCB64D50092D225 /* UpdateInfoViewController.swift in Sources */,
				D63E7C3D2CCBC7BD0092D225 /* VersionPageViewController.swift in Sources */,
				D65BFECE2CD3FB1700797234 /* CharListView.swift in Sources */,
				D63390F92CF756ED001164C8 /* MainView.swift in Sources */,
				D636D2492CD2ABCA00C8C1E2 /* AppHorizontalScrollView.swift in Sources */,
				D63E7C332CCB64D50092D225 /* AppDelegate.swift in Sources */,
				D64BC8462CFF271A00852010 /* SwiftUIAppViewModel.swift in Sources */,
				D60A8A342CFF021600E48F24 /* HeadTabviewViewViewModel.swift in Sources */,
				D636D2382CD24E9900C8C1E2 /* ComponentExtension.swift in Sources */,
				D636D23C2CD260A300C8C1E2 /* ApptitleView.swift in Sources */,
				D63E7C342CCB64D50092D225 /* SceneDelegate.swift in Sources */,
				D63390FD2CF75797001164C8 /* Applist.swift in Sources */,
				D621CD832CDE07A400B3A420 /* LoginViewController.swift in Sources */,
				D621CD7A2CDDFF1100B3A420 /* ErrorEnum.swift in Sources */,
				D621CD7E2CDE008400B3A420 /* DTO.swift in Sources */,
				D63E7C352CCB64D50092D225 /* TossView.swift in Sources */,
			);
			runOnlyForDeploymentPostprocessing = 0;
		};
		D62023692CC956FD002554FC /* Sources */ = {
			isa = PBXSourcesBuildPhase;
			buildActionMask = 2147483647;
			files = (
			);
			runOnlyForDeploymentPostprocessing = 0;
		};
		D62023732CC956FD002554FC /* Sources */ = {
			isa = PBXSourcesBuildPhase;
			buildActionMask = 2147483647;
			files = (
			);
			runOnlyForDeploymentPostprocessing = 0;
		};
/* End PBXSourcesBuildPhase section */

/* Begin PBXTargetDependency section */
		D620236F2CC956FD002554FC /* PBXTargetDependency */ = {
			isa = PBXTargetDependency;
			target = D62023562CC956FC002554FC /* Sopt_Appstore */;
			targetProxy = D620236E2CC956FD002554FC /* PBXContainerItemProxy */;
		};
		D62023792CC956FD002554FC /* PBXTargetDependency */ = {
			isa = PBXTargetDependency;
			target = D62023562CC956FC002554FC /* Sopt_Appstore */;
			targetProxy = D62023782CC956FD002554FC /* PBXContainerItemProxy */;
		};
/* End PBXTargetDependency section */

/* Begin PBXVariantGroup section */
		D63E7C242CCB64D50092D225 /* LaunchScreen.storyboard */ = {
			isa = PBXVariantGroup;
			children = (
				D63E7C232CCB64D50092D225 /* Base */,
			);
			name = LaunchScreen.storyboard;
			sourceTree = "<group>";
		};
/* End PBXVariantGroup section */

/* Begin XCBuildConfiguration section */
		D62023812CC956FD002554FC /* Debug */ = {
			isa = XCBuildConfiguration;
			baseConfigurationReference = D621CD9C2CDE3D7700B3A420 /* Configs.xcconfig */;
			buildSettings = {
				ASSETCATALOG_COMPILER_APPICON_NAME = AppIcon;
				ASSETCATALOG_COMPILER_GLOBAL_ACCENT_COLOR_NAME = AccentColor;
				CODE_SIGN_STYLE = Automatic;
				CURRENT_PROJECT_VERSION = 1;
				DEVELOPMENT_TEAM = 5UQJWXQTJD;
				GENERATE_INFOPLIST_FILE = YES;
				INFOPLIST_FILE = Sopt_Appstore/Info.plist;
				INFOPLIST_KEY_UIApplicationSupportsIndirectInputEvents = YES;
				INFOPLIST_KEY_UILaunchStoryboardName = LaunchScreen;
				INFOPLIST_KEY_UISupportedInterfaceOrientations_iPad = "UIInterfaceOrientationPortrait UIInterfaceOrientationPortraitUpsideDown UIInterfaceOrientationLandscapeLeft UIInterfaceOrientationLandscapeRight";
				INFOPLIST_KEY_UISupportedInterfaceOrientations_iPhone = "UIInterfaceOrientationPortrait UIInterfaceOrientationLandscapeLeft UIInterfaceOrientationLandscapeRight";
				LD_RUNPATH_SEARCH_PATHS = (
					"$(inherited)",
					"@executable_path/Frameworks",
				);
				MARKETING_VERSION = 1.0;
				PRODUCT_BUNDLE_IDENTIFIER = "sopt.Sopt-Appstore";
				PRODUCT_NAME = "$(TARGET_NAME)";
				SWIFT_EMIT_LOC_STRINGS = YES;
				SWIFT_VERSION = 5.0;
				TARGETED_DEVICE_FAMILY = "1,2";
			};
			name = Debug;
		};
		D62023822CC956FD002554FC /* Release */ = {
			isa = XCBuildConfiguration;
			baseConfigurationReference = D621CD9C2CDE3D7700B3A420 /* Configs.xcconfig */;
			buildSettings = {
				ASSETCATALOG_COMPILER_APPICON_NAME = AppIcon;
				ASSETCATALOG_COMPILER_GLOBAL_ACCENT_COLOR_NAME = AccentColor;
				CODE_SIGN_STYLE = Automatic;
				CURRENT_PROJECT_VERSION = 1;
				DEVELOPMENT_TEAM = 5UQJWXQTJD;
				GENERATE_INFOPLIST_FILE = YES;
				INFOPLIST_FILE = Sopt_Appstore/Info.plist;
				INFOPLIST_KEY_UIApplicationSupportsIndirectInputEvents = YES;
				INFOPLIST_KEY_UILaunchStoryboardName = LaunchScreen;
				INFOPLIST_KEY_UISupportedInterfaceOrientations_iPad = "UIInterfaceOrientationPortrait UIInterfaceOrientationPortraitUpsideDown UIInterfaceOrientationLandscapeLeft UIInterfaceOrientationLandscapeRight";
				INFOPLIST_KEY_UISupportedInterfaceOrientations_iPhone = "UIInterfaceOrientationPortrait UIInterfaceOrientationLandscapeLeft UIInterfaceOrientationLandscapeRight";
				LD_RUNPATH_SEARCH_PATHS = (
					"$(inherited)",
					"@executable_path/Frameworks",
				);
				MARKETING_VERSION = 1.0;
				PRODUCT_BUNDLE_IDENTIFIER = "sopt.Sopt-Appstore";
				PRODUCT_NAME = "$(TARGET_NAME)";
				SWIFT_EMIT_LOC_STRINGS = YES;
				SWIFT_VERSION = 5.0;
				TARGETED_DEVICE_FAMILY = "1,2";
			};
			name = Release;
		};
		D62023832CC956FD002554FC /* Debug */ = {
			isa = XCBuildConfiguration;
			baseConfigurationReference = D621CD9C2CDE3D7700B3A420 /* Configs.xcconfig */;
			buildSettings = {
				ALWAYS_SEARCH_USER_PATHS = NO;
				ASSETCATALOG_COMPILER_GENERATE_SWIFT_ASSET_SYMBOL_EXTENSIONS = YES;
				CLANG_ANALYZER_NONNULL = YES;
				CLANG_ANALYZER_NUMBER_OBJECT_CONVERSION = YES_AGGRESSIVE;
				CLANG_CXX_LANGUAGE_STANDARD = "gnu++20";
				CLANG_ENABLE_MODULES = YES;
				CLANG_ENABLE_OBJC_ARC = YES;
				CLANG_ENABLE_OBJC_WEAK = YES;
				CLANG_WARN_BLOCK_CAPTURE_AUTORELEASING = YES;
				CLANG_WARN_BOOL_CONVERSION = YES;
				CLANG_WARN_COMMA = YES;
				CLANG_WARN_CONSTANT_CONVERSION = YES;
				CLANG_WARN_DEPRECATED_OBJC_IMPLEMENTATIONS = YES;
				CLANG_WARN_DIRECT_OBJC_ISA_USAGE = YES_ERROR;
				CLANG_WARN_DOCUMENTATION_COMMENTS = YES;
				CLANG_WARN_EMPTY_BODY = YES;
				CLANG_WARN_ENUM_CONVERSION = YES;
				CLANG_WARN_INFINITE_RECURSION = YES;
				CLANG_WARN_INT_CONVERSION = YES;
				CLANG_WARN_NON_LITERAL_NULL_CONVERSION = YES;
				CLANG_WARN_OBJC_IMPLICIT_RETAIN_SELF = YES;
				CLANG_WARN_OBJC_LITERAL_CONVERSION = YES;
				CLANG_WARN_OBJC_ROOT_CLASS = YES_ERROR;
				CLANG_WARN_QUOTED_INCLUDE_IN_FRAMEWORK_HEADER = YES;
				CLANG_WARN_RANGE_LOOP_ANALYSIS = YES;
				CLANG_WARN_STRICT_PROTOTYPES = YES;
				CLANG_WARN_SUSPICIOUS_MOVE = YES;
				CLANG_WARN_UNGUARDED_AVAILABILITY = YES_AGGRESSIVE;
				CLANG_WARN_UNREACHABLE_CODE = YES;
				CLANG_WARN__DUPLICATE_METHOD_MATCH = YES;
				COPY_PHASE_STRIP = NO;
				DEBUG_INFORMATION_FORMAT = dwarf;
				ENABLE_STRICT_OBJC_MSGSEND = YES;
				ENABLE_TESTABILITY = YES;
				ENABLE_USER_SCRIPT_SANDBOXING = YES;
				GCC_C_LANGUAGE_STANDARD = gnu17;
				GCC_DYNAMIC_NO_PIC = NO;
				GCC_NO_COMMON_BLOCKS = YES;
				GCC_OPTIMIZATION_LEVEL = 0;
				GCC_PREPROCESSOR_DEFINITIONS = (
					"DEBUG=1",
					"$(inherited)",
				);
				GCC_WARN_64_TO_32_BIT_CONVERSION = YES;
				GCC_WARN_ABOUT_RETURN_TYPE = YES_ERROR;
				GCC_WARN_UNDECLARED_SELECTOR = YES;
				GCC_WARN_UNINITIALIZED_AUTOS = YES_AGGRESSIVE;
				GCC_WARN_UNUSED_FUNCTION = YES;
				GCC_WARN_UNUSED_VARIABLE = YES;
				IPHONEOS_DEPLOYMENT_TARGET = 18.0;
				LOCALIZATION_PREFERS_STRING_CATALOGS = YES;
				MTL_ENABLE_DEBUG_INFO = INCLUDE_SOURCE;
				MTL_FAST_MATH = YES;
				ONLY_ACTIVE_ARCH = YES;
				SDKROOT = iphoneos;
				SWIFT_ACTIVE_COMPILATION_CONDITIONS = "DEBUG $(inherited)";
				SWIFT_OPTIMIZATION_LEVEL = "-Onone";
			};
			name = Debug;
		};
		D62023842CC956FD002554FC /* Release */ = {
			isa = XCBuildConfiguration;
			baseConfigurationReference = D621CD9C2CDE3D7700B3A420 /* Configs.xcconfig */;
			buildSettings = {
				ALWAYS_SEARCH_USER_PATHS = NO;
				ASSETCATALOG_COMPILER_GENERATE_SWIFT_ASSET_SYMBOL_EXTENSIONS = YES;
				CLANG_ANALYZER_NONNULL = YES;
				CLANG_ANALYZER_NUMBER_OBJECT_CONVERSION = YES_AGGRESSIVE;
				CLANG_CXX_LANGUAGE_STANDARD = "gnu++20";
				CLANG_ENABLE_MODULES = YES;
				CLANG_ENABLE_OBJC_ARC = YES;
				CLANG_ENABLE_OBJC_WEAK = YES;
				CLANG_WARN_BLOCK_CAPTURE_AUTORELEASING = YES;
				CLANG_WARN_BOOL_CONVERSION = YES;
				CLANG_WARN_COMMA = YES;
				CLANG_WARN_CONSTANT_CONVERSION = YES;
				CLANG_WARN_DEPRECATED_OBJC_IMPLEMENTATIONS = YES;
				CLANG_WARN_DIRECT_OBJC_ISA_USAGE = YES_ERROR;
				CLANG_WARN_DOCUMENTATION_COMMENTS = YES;
				CLANG_WARN_EMPTY_BODY = YES;
				CLANG_WARN_ENUM_CONVERSION = YES;
				CLANG_WARN_INFINITE_RECURSION = YES;
				CLANG_WARN_INT_CONVERSION = YES;
				CLANG_WARN_NON_LITERAL_NULL_CONVERSION = YES;
				CLANG_WARN_OBJC_IMPLICIT_RETAIN_SELF = YES;
				CLANG_WARN_OBJC_LITERAL_CONVERSION = YES;
				CLANG_WARN_OBJC_ROOT_CLASS = YES_ERROR;
				CLANG_WARN_QUOTED_INCLUDE_IN_FRAMEWORK_HEADER = YES;
				CLANG_WARN_RANGE_LOOP_ANALYSIS = YES;
				CLANG_WARN_STRICT_PROTOTYPES = YES;
				CLANG_WARN_SUSPICIOUS_MOVE = YES;
				CLANG_WARN_UNGUARDED_AVAILABILITY = YES_AGGRESSIVE;
				CLANG_WARN_UNREACHABLE_CODE = YES;
				CLANG_WARN__DUPLICATE_METHOD_MATCH = YES;
				COPY_PHASE_STRIP = NO;
				DEBUG_INFORMATION_FORMAT = "dwarf-with-dsym";
				ENABLE_NS_ASSERTIONS = NO;
				ENABLE_STRICT_OBJC_MSGSEND = YES;
				ENABLE_USER_SCRIPT_SANDBOXING = YES;
				GCC_C_LANGUAGE_STANDARD = gnu17;
				GCC_NO_COMMON_BLOCKS = YES;
				GCC_WARN_64_TO_32_BIT_CONVERSION = YES;
				GCC_WARN_ABOUT_RETURN_TYPE = YES_ERROR;
				GCC_WARN_UNDECLARED_SELECTOR = YES;
				GCC_WARN_UNINITIALIZED_AUTOS = YES_AGGRESSIVE;
				GCC_WARN_UNUSED_FUNCTION = YES;
				GCC_WARN_UNUSED_VARIABLE = YES;
				IPHONEOS_DEPLOYMENT_TARGET = 18.0;
				LOCALIZATION_PREFERS_STRING_CATALOGS = YES;
				MTL_ENABLE_DEBUG_INFO = NO;
				MTL_FAST_MATH = YES;
				SDKROOT = iphoneos;
				SWIFT_COMPILATION_MODE = wholemodule;
				VALIDATE_PRODUCT = YES;
			};
			name = Release;
		};
		D62023862CC956FD002554FC /* Debug */ = {
			isa = XCBuildConfiguration;
			buildSettings = {
				BUNDLE_LOADER = "$(TEST_HOST)";
				CODE_SIGN_STYLE = Automatic;
				CURRENT_PROJECT_VERSION = 1;
				DEVELOPMENT_TEAM = 5UQJWXQTJD;
				GENERATE_INFOPLIST_FILE = YES;
				IPHONEOS_DEPLOYMENT_TARGET = 18.0;
				MARKETING_VERSION = 1.0;
				PRODUCT_BUNDLE_IDENTIFIER = "sopt.Sopt-AppstoreTests";
				PRODUCT_NAME = "$(TARGET_NAME)";
				SWIFT_EMIT_LOC_STRINGS = NO;
				SWIFT_VERSION = 5.0;
				TARGETED_DEVICE_FAMILY = "1,2";
				TEST_HOST = "$(BUILT_PRODUCTS_DIR)/Sopt_Appstore.app/$(BUNDLE_EXECUTABLE_FOLDER_PATH)/Sopt_Appstore";
			};
			name = Debug;
		};
		D62023872CC956FD002554FC /* Release */ = {
			isa = XCBuildConfiguration;
			buildSettings = {
				BUNDLE_LOADER = "$(TEST_HOST)";
				CODE_SIGN_STYLE = Automatic;
				CURRENT_PROJECT_VERSION = 1;
				DEVELOPMENT_TEAM = 5UQJWXQTJD;
				GENERATE_INFOPLIST_FILE = YES;
				IPHONEOS_DEPLOYMENT_TARGET = 18.0;
				MARKETING_VERSION = 1.0;
				PRODUCT_BUNDLE_IDENTIFIER = "sopt.Sopt-AppstoreTests";
				PRODUCT_NAME = "$(TARGET_NAME)";
				SWIFT_EMIT_LOC_STRINGS = NO;
				SWIFT_VERSION = 5.0;
				TARGETED_DEVICE_FAMILY = "1,2";
				TEST_HOST = "$(BUILT_PRODUCTS_DIR)/Sopt_Appstore.app/$(BUNDLE_EXECUTABLE_FOLDER_PATH)/Sopt_Appstore";
			};
			name = Release;
		};
		D62023892CC956FD002554FC /* Debug */ = {
			isa = XCBuildConfiguration;
			buildSettings = {
				CODE_SIGN_STYLE = Automatic;
				CURRENT_PROJECT_VERSION = 1;
				DEVELOPMENT_TEAM = 5UQJWXQTJD;
				GENERATE_INFOPLIST_FILE = YES;
				MARKETING_VERSION = 1.0;
				PRODUCT_BUNDLE_IDENTIFIER = "sopt.Sopt-AppstoreUITests";
				PRODUCT_NAME = "$(TARGET_NAME)";
				SWIFT_EMIT_LOC_STRINGS = NO;
				SWIFT_VERSION = 5.0;
				TARGETED_DEVICE_FAMILY = "1,2";
				TEST_TARGET_NAME = Sopt_Appstore;
			};
			name = Debug;
		};
		D620238A2CC956FD002554FC /* Release */ = {
			isa = XCBuildConfiguration;
			buildSettings = {
				CODE_SIGN_STYLE = Automatic;
				CURRENT_PROJECT_VERSION = 1;
				DEVELOPMENT_TEAM = 5UQJWXQTJD;
				GENERATE_INFOPLIST_FILE = YES;
				MARKETING_VERSION = 1.0;
				PRODUCT_BUNDLE_IDENTIFIER = "sopt.Sopt-AppstoreUITests";
				PRODUCT_NAME = "$(TARGET_NAME)";
				SWIFT_EMIT_LOC_STRINGS = NO;
				SWIFT_VERSION = 5.0;
				TARGETED_DEVICE_FAMILY = "1,2";
				TEST_TARGET_NAME = Sopt_Appstore;
			};
			name = Release;
		};
/* End XCBuildConfiguration section */

/* Begin XCConfigurationList section */
		D62023522CC956FC002554FC /* Build configuration list for PBXProject "Sopt_Appstore" */ = {
			isa = XCConfigurationList;
			buildConfigurations = (
				D62023832CC956FD002554FC /* Debug */,
				D62023842CC956FD002554FC /* Release */,
			);
			defaultConfigurationIsVisible = 0;
			defaultConfigurationName = Release;
		};
		D62023802CC956FD002554FC /* Build configuration list for PBXNativeTarget "Sopt_Appstore" */ = {
			isa = XCConfigurationList;
			buildConfigurations = (
				D62023812CC956FD002554FC /* Debug */,
				D62023822CC956FD002554FC /* Release */,
			);
			defaultConfigurationIsVisible = 0;
			defaultConfigurationName = Release;
		};
		D62023852CC956FD002554FC /* Build configuration list for PBXNativeTarget "Sopt_AppstoreTests" */ = {
			isa = XCConfigurationList;
			buildConfigurations = (
				D62023862CC956FD002554FC /* Debug */,
				D62023872CC956FD002554FC /* Release */,
			);
			defaultConfigurationIsVisible = 0;
			defaultConfigurationName = Release;
		};
		D62023882CC956FD002554FC /* Build configuration list for PBXNativeTarget "Sopt_AppstoreUITests" */ = {
			isa = XCConfigurationList;
			buildConfigurations = (
				D62023892CC956FD002554FC /* Debug */,
				D620238A2CC956FD002554FC /* Release */,
			);
			defaultConfigurationIsVisible = 0;
			defaultConfigurationName = Release;
		};
/* End XCConfigurationList section */

/* Begin XCRemoteSwiftPackageReference section */
		D621CD7F2CDE077000B3A420 /* XCRemoteSwiftPackageReference "keychain-swift" */ = {
			isa = XCRemoteSwiftPackageReference;
			repositoryURL = "https://github.com/evgenyneu/keychain-swift";
			requirement = {
				kind = upToNextMajorVersion;
				minimumVersion = 24.0.0;
			};
		};
		D636D23D2CD28F7700C8C1E2 /* XCRemoteSwiftPackageReference "Then" */ = {
			isa = XCRemoteSwiftPackageReference;
			repositoryURL = "https://github.com/devxoul/Then";
			requirement = {
				kind = upToNextMajorVersion;
				minimumVersion = 3.0.0;
			};
		};
		D6BD34722CDC45E300D4E69C /* XCRemoteSwiftPackageReference "Alamofire" */ = {
			isa = XCRemoteSwiftPackageReference;
			repositoryURL = "https://github.com/Alamofire/Alamofire.git";
			requirement = {
				kind = upToNextMajorVersion;
				minimumVersion = 5.10.1;
			};
		};
		D6F6185D2CC959DB001EE4EA /* XCRemoteSwiftPackageReference "SnapKit" */ = {
			isa = XCRemoteSwiftPackageReference;
			repositoryURL = "https://github.com/SnapKit/SnapKit.git";
			requirement = {
				kind = upToNextMajorVersion;
				minimumVersion = 5.7.1;
			};
		};
/* End XCRemoteSwiftPackageReference section */

/* Begin XCSwiftPackageProductDependency section */
		D621CD802CDE077000B3A420 /* KeychainSwift */ = {
			isa = XCSwiftPackageProductDependency;
			package = D621CD7F2CDE077000B3A420 /* XCRemoteSwiftPackageReference "keychain-swift" */;
			productName = KeychainSwift;
		};
		D636D23E2CD28F7700C8C1E2 /* Then */ = {
			isa = XCSwiftPackageProductDependency;
			package = D636D23D2CD28F7700C8C1E2 /* XCRemoteSwiftPackageReference "Then" */;
			productName = Then;
		};
		D6BD34732CDC45E300D4E69C /* Alamofire */ = {
			isa = XCSwiftPackageProductDependency;
			package = D6BD34722CDC45E300D4E69C /* XCRemoteSwiftPackageReference "Alamofire" */;
			productName = Alamofire;
		};
		D6F6185E2CC959DB001EE4EA /* SnapKit */ = {
			isa = XCSwiftPackageProductDependency;
			package = D6F6185D2CC959DB001EE4EA /* XCRemoteSwiftPackageReference "SnapKit" */;
			productName = SnapKit;
		};
/* End XCSwiftPackageProductDependency section */
	};
	rootObject = D620234F2CC956FC002554FC /* Project object */;
}
